// !$*UTF8*$!
{
	archiveVersion = 1;
	classes = {
	};
	objectVersion = 52;
	objects = {

/* Begin PBXBuildFile section */
		592B3CB623F2539E0035FF3A /* UIKit+Font.swift in Sources */ = {isa = PBXBuildFile; fileRef = 592B3CB523F2539E0035FF3A /* UIKit+Font.swift */; };
		592B3CB823F25A950035FF3A /* Exo-SemiBold.otf in Resources */ = {isa = PBXBuildFile; fileRef = 592B3CB723F2594C0035FF3A /* Exo-SemiBold.otf */; };
		5939B1F223DF5517003FB0E0 /* NetworkingController.swift in Sources */ = {isa = PBXBuildFile; fileRef = 5939B1F123DF5517003FB0E0 /* NetworkingController.swift */; };
		5939B1F523DF55F3003FB0E0 /* SwiftyJSON in Frameworks */ = {isa = PBXBuildFile; productRef = 5939B1F423DF55F3003FB0E0 /* SwiftyJSON */; };
		5939B1F723DF586E003FB0E0 /* NetworkingControllerTests.swift in Sources */ = {isa = PBXBuildFile; fileRef = 5939B1F623DF586D003FB0E0 /* NetworkingControllerTests.swift */; };
		5943B3F023E491DD0050866D /* SquadaOne-Regular.ttf in Resources */ = {isa = PBXBuildFile; fileRef = 5943B3EF23E491DD0050866D /* SquadaOne-Regular.ttf */; };
		5943B3F223E498600050866D /* Exo-Regular.otf in Resources */ = {isa = PBXBuildFile; fileRef = 5943B3F123E498600050866D /* Exo-Regular.otf */; };
		5955B89823DB59B800A24A8F /* AppDelegate.swift in Sources */ = {isa = PBXBuildFile; fileRef = 5955B89723DB59B800A24A8F /* AppDelegate.swift */; };
		5955B89A23DB59B800A24A8F /* SceneDelegate.swift in Sources */ = {isa = PBXBuildFile; fileRef = 5955B89923DB59B800A24A8F /* SceneDelegate.swift */; };
		5955B89F23DB59B800A24A8F /* Main.storyboard in Resources */ = {isa = PBXBuildFile; fileRef = 5955B89D23DB59B800A24A8F /* Main.storyboard */; };
		5955B8A223DB59B800A24A8F /* Budget_Blocks.xcdatamodeld in Sources */ = {isa = PBXBuildFile; fileRef = 5955B8A023DB59B800A24A8F /* Budget_Blocks.xcdatamodeld */; };
		5955B8A423DB59BA00A24A8F /* Assets.xcassets in Resources */ = {isa = PBXBuildFile; fileRef = 5955B8A323DB59BA00A24A8F /* Assets.xcassets */; };
		5955B8A723DB59BA00A24A8F /* LaunchScreen.storyboard in Resources */ = {isa = PBXBuildFile; fileRef = 5955B8A523DB59BA00A24A8F /* LaunchScreen.storyboard */; };
		5955B8BD23DB59BB00A24A8F /* Budget_BlocksUITests.swift in Sources */ = {isa = PBXBuildFile; fileRef = 5955B8BC23DB59BB00A24A8F /* Budget_BlocksUITests.swift */; };
		5969C1F123E38D3200BAA183 /* CoreDataStack.swift in Sources */ = {isa = PBXBuildFile; fileRef = 5969C1F023E38D3200BAA183 /* CoreDataStack.swift */; };
		596C10FD23E0E09F003DF1D8 /* LinkKit.framework in Frameworks */ = {isa = PBXBuildFile; fileRef = 596C10FC23E0E09F003DF1D8 /* LinkKit.framework */; };
		596C10FE23E0E09F003DF1D8 /* LinkKit.framework in Embed Frameworks */ = {isa = PBXBuildFile; fileRef = 596C10FC23E0E09F003DF1D8 /* LinkKit.framework */; settings = {ATTRIBUTES = (CodeSignOnCopy, RemoveHeadersOnCopy, ); }; };
		597E119723F310EF00E505C6 /* UIAlertController+Fix.swift in Sources */ = {isa = PBXBuildFile; fileRef = 597E119623F310EF00E505C6 /* UIAlertController+Fix.swift */; };
		598B29F923FD994D0038B698 /* KeychainSwift in Frameworks */ = {isa = PBXBuildFile; productRef = 598B29F823FD994D0038B698 /* KeychainSwift */; };
		598B29FB23FDB9FA0038B698 /* Bool+Int.swift in Sources */ = {isa = PBXBuildFile; fileRef = 598B29FA23FDB9FA0038B698 /* Bool+Int.swift */; };
		598B29FF23FF6D2A0038B698 /* UIViewController+Loading.swift in Sources */ = {isa = PBXBuildFile; fileRef = 598B29FE23FF6D290038B698 /* UIViewController+Loading.swift */; };
		59BAB9D423F361F900BF91F7 /* Error+Log.swift in Sources */ = {isa = PBXBuildFile; fileRef = 59BAB9D323F361F900BF91F7 /* Error+Log.swift */; };
		59D1550A23EB91DE003233C1 /* Int64+Currency.swift in Sources */ = {isa = PBXBuildFile; fileRef = 59D1550923EB91DE003233C1 /* Int64+Currency.swift */; };
		B61D0CBA2491912B00BADBFF /* SixOnboardingViewController.swift in Sources */ = {isa = PBXBuildFile; fileRef = B61D0CB92491912B00BADBFF /* SixOnboardingViewController.swift */; };
		B61D0CBC249197E800BADBFF /* SevenOnboardingViewController.swift in Sources */ = {isa = PBXBuildFile; fileRef = B61D0CBB249197E800BADBFF /* SevenOnboardingViewController.swift */; };
		B61D0CBE249286EB00BADBFF /* ThirdScrollViewOnboardingViewController.swift in Sources */ = {isa = PBXBuildFile; fileRef = B61D0CBD249286EB00BADBFF /* ThirdScrollViewOnboardingViewController.swift */; };
		B61D0CC02492CCEC00BADBFF /* UserController.swift in Sources */ = {isa = PBXBuildFile; fileRef = B61D0CBF2492CCEC00BADBFF /* UserController.swift */; };
		B61D0CC22492CEC000BADBFF /* CensusToPost.swift in Sources */ = {isa = PBXBuildFile; fileRef = B61D0CC12492CEC000BADBFF /* CensusToPost.swift */; };
		B61D0CC42492E03D00BADBFF /* CensusDataRepresentation.swift in Sources */ = {isa = PBXBuildFile; fileRef = B61D0CC32492E03D00BADBFF /* CensusDataRepresentation.swift */; };
		B61D0CC62492E0DE00BADBFF /* CensusData+Convenience.swift in Sources */ = {isa = PBXBuildFile; fileRef = B61D0CC52492E0DE00BADBFF /* CensusData+Convenience.swift */; };
		B61D0CCB2493C75300BADBFF /* EighthOnboardingViewController.swift in Sources */ = {isa = PBXBuildFile; fileRef = B61D0CCA2493C75300BADBFF /* EighthOnboardingViewController.swift */; };
		B61D0CCD2493C84A00BADBFF /* OptionCell.swift in Sources */ = {isa = PBXBuildFile; fileRef = B61D0CCC2493C84A00BADBFF /* OptionCell.swift */; };
		B6228848248022EA009FF6E5 /* UserRepresentation.swift in Sources */ = {isa = PBXBuildFile; fileRef = B6228847248022EA009FF6E5 /* UserRepresentation.swift */; };
		B622884A24802334009FF6E5 /* User+Convenience.swift in Sources */ = {isa = PBXBuildFile; fileRef = B622884924802334009FF6E5 /* User+Convenience.swift */; };
		B62288502482DAF2009FF6E5 /* Charts in Frameworks */ = {isa = PBXBuildFile; productRef = B622884F2482DAF2009FF6E5 /* Charts */; };
		B62D630D249AFA0E00B98CCE /* animation.json in Resources */ = {isa = PBXBuildFile; fileRef = B62D630C249AFA0E00B98CCE /* animation.json */; };
		B6458E422493DBA800791EA0 /* NinethOnboardingViewController.swift in Sources */ = {isa = PBXBuildFile; fileRef = B6458E412493DBA800791EA0 /* NinethOnboardingViewController.swift */; };
		B64B162E24904303000D9656 /* FourthOnboardingViewController.swift in Sources */ = {isa = PBXBuildFile; fileRef = B64B162D24904303000D9656 /* FourthOnboardingViewController.swift */; };
		B64B16302491878B000D9656 /* FiveOnboardingViewController.swift in Sources */ = {isa = PBXBuildFile; fileRef = B64B162F2491878B000D9656 /* FiveOnboardingViewController.swift */; };
		B64B163224918A46000D9656 /* CustomCell.swift in Sources */ = {isa = PBXBuildFile; fileRef = B64B163124918A46000D9656 /* CustomCell.swift */; };
		B65025D824981C8200ACF541 /* WelcomeOnboardingViewController.swift in Sources */ = {isa = PBXBuildFile; fileRef = B65025D724981C8200ACF541 /* WelcomeOnboardingViewController.swift */; };
		B65025DA2499071F00ACF541 /* DashboardViewController.swift in Sources */ = {isa = PBXBuildFile; fileRef = B65025D92499071F00ACF541 /* DashboardViewController.swift */; };
		B65025DE24990E3900ACF541 /* BudgetScreen.swift in Sources */ = {isa = PBXBuildFile; fileRef = B65025DD24990E3900ACF541 /* BudgetScreen.swift */; };
		B65025E02499359100ACF541 /* CalendarCell.swift in Sources */ = {isa = PBXBuildFile; fileRef = B65025DF2499359100ACF541 /* CalendarCell.swift */; };
		B65025E424993C0400ACF541 /* BlocksDataSource.swift in Sources */ = {isa = PBXBuildFile; fileRef = B65025E324993C0400ACF541 /* BlocksDataSource.swift */; };
		B65025E624993CAC00ACF541 /* CalenderDatasource.swift in Sources */ = {isa = PBXBuildFile; fileRef = B65025E524993CAC00ACF541 /* CalenderDatasource.swift */; };
		B65025EA24993E6E00ACF541 /* BlockCell.swift in Sources */ = {isa = PBXBuildFile; fileRef = B65025E924993E6E00ACF541 /* BlockCell.swift */; };
		B65025EF249951E200ACF541 /* CategoryCell.swift in Sources */ = {isa = PBXBuildFile; fileRef = B65025EE249951E200ACF541 /* CategoryCell.swift */; };
		B65025F32499751300ACF541 /* ChartCell.swift in Sources */ = {isa = PBXBuildFile; fileRef = B65025F22499751300ACF541 /* ChartCell.swift */; };
		B65025F924997A3500ACF541 /* ActivityCell.swift in Sources */ = {isa = PBXBuildFile; fileRef = B65025F824997A3500ACF541 /* ActivityCell.swift */; };
		B65025FE249A5A9A00ACF541 /* ProfileVC.swift in Sources */ = {isa = PBXBuildFile; fileRef = B65025FD249A5A9A00ACF541 /* ProfileVC.swift */; };
		B6502600249A619400ACF541 /* NotificationVC.swift in Sources */ = {isa = PBXBuildFile; fileRef = B65025FF249A619400ACF541 /* NotificationVC.swift */; };
		B6502602249A61A900ACF541 /* BudgetBlocksVC.swift in Sources */ = {isa = PBXBuildFile; fileRef = B6502601249A61A900ACF541 /* BudgetBlocksVC.swift */; };
		B650C3DB248FF45000DED736 /* NativeSignUpViewController.swift in Sources */ = {isa = PBXBuildFile; fileRef = B650C3DA248FF45000DED736 /* NativeSignUpViewController.swift */; };
		B650C3DD249013C400DED736 /* FirstOnboardingViewController.swift in Sources */ = {isa = PBXBuildFile; fileRef = B650C3DC249013C400DED736 /* FirstOnboardingViewController.swift */; };
		B650C3DF24901B7200DED736 /* SecondOnboardingViewController.swift in Sources */ = {isa = PBXBuildFile; fileRef = B650C3DE24901B7200DED736 /* SecondOnboardingViewController.swift */; };
		B6524F09249ACEE100F8F52C /* RegisteringUser.swift in Sources */ = {isa = PBXBuildFile; fileRef = B6524F08249ACEE100F8F52C /* RegisteringUser.swift */; };
		B6524F0B249AF74600F8F52C /* AnimationViewController.swift in Sources */ = {isa = PBXBuildFile; fileRef = B6524F0A249AF74600F8F52C /* AnimationViewController.swift */; };
		B6524F0E249AF92E00F8F52C /* Lottie in Frameworks */ = {isa = PBXBuildFile; productRef = B6524F0D249AF92E00F8F52C /* Lottie */; };
		B653B5ED2485612A0005446C /* Client.swift in Sources */ = {isa = PBXBuildFile; fileRef = B653B5EC2485612A0005446C /* Client.swift */; };
		B653B5EF2485785D0005446C /* BankInfo.swift in Sources */ = {isa = PBXBuildFile; fileRef = B653B5EE2485785D0005446C /* BankInfo.swift */; };
		B653B5F1248590020005446C /* OnlineTransaction.swift in Sources */ = {isa = PBXBuildFile; fileRef = B653B5F0248590020005446C /* OnlineTransaction.swift */; };
		B653B5F32486FBD70005446C /* DataScienceTransactionRepresentation.swift in Sources */ = {isa = PBXBuildFile; fileRef = B653B5F22486FBD70005446C /* DataScienceTransactionRepresentation.swift */; };
		B653B5F5248849130005446C /* NativeLoginViewController.swift in Sources */ = {isa = PBXBuildFile; fileRef = B653B5F4248849120005446C /* NativeLoginViewController.swift */; };
		B653B603248875AE0005446C /* SVProgressHUD in Frameworks */ = {isa = PBXBuildFile; productRef = B653B602248875AE0005446C /* SVProgressHUD */; };
		B653CB3D24A23C7300F3A629 /* GoalRepresentation.swift in Sources */ = {isa = PBXBuildFile; fileRef = B653CB3C24A23C7300F3A629 /* GoalRepresentation.swift */; };
		B653CB4324A23E0100F3A629 /* Goal+Convenience.swift in Sources */ = {isa = PBXBuildFile; fileRef = B653CB4224A23E0100F3A629 /* Goal+Convenience.swift */; };
		B6789480247626EB00A47332 /* OktaAuthNative.framework in Frameworks */ = {isa = PBXBuildFile; fileRef = B678947F247626EA00A47332 /* OktaAuthNative.framework */; };
		B6789481247626EB00A47332 /* OktaAuthNative.framework in Embed Frameworks */ = {isa = PBXBuildFile; fileRef = B678947F247626EA00A47332 /* OktaAuthNative.framework */; settings = {ATTRIBUTES = (CodeSignOnCopy, RemoveHeadersOnCopy, ); }; };
		B6789483247626EE00A47332 /* OktaOidc.framework in Frameworks */ = {isa = PBXBuildFile; fileRef = B6789482247626ED00A47332 /* OktaOidc.framework */; };
		B6789484247626EE00A47332 /* OktaOidc.framework in Embed Frameworks */ = {isa = PBXBuildFile; fileRef = B6789482247626ED00A47332 /* OktaOidc.framework */; settings = {ATTRIBUTES = (CodeSignOnCopy, RemoveHeadersOnCopy, ); }; };
		B678948624762D0B00A47332 /* Okta.plist in Resources */ = {isa = PBXBuildFile; fileRef = B678948524762D0B00A47332 /* Okta.plist */; };
		B694862D249D753600B13459 /* Poppins-LightItalic.ttf in Resources */ = {isa = PBXBuildFile; fileRef = B694861B249D753400B13459 /* Poppins-LightItalic.ttf */; };
		B694862E249D753600B13459 /* Poppins-ExtraLight.ttf in Resources */ = {isa = PBXBuildFile; fileRef = B694861C249D753400B13459 /* Poppins-ExtraLight.ttf */; };
		B694862F249D753600B13459 /* Poppins-Black.ttf in Resources */ = {isa = PBXBuildFile; fileRef = B694861D249D753400B13459 /* Poppins-Black.ttf */; };
		B6948630249D753600B13459 /* Poppins-ExtraBold.ttf in Resources */ = {isa = PBXBuildFile; fileRef = B694861E249D753400B13459 /* Poppins-ExtraBold.ttf */; };
		B6948631249D753600B13459 /* Poppins-BlackItalic.ttf in Resources */ = {isa = PBXBuildFile; fileRef = B694861F249D753400B13459 /* Poppins-BlackItalic.ttf */; };
		B6948632249D753600B13459 /* Poppins-Medium.ttf in Resources */ = {isa = PBXBuildFile; fileRef = B6948620249D753400B13459 /* Poppins-Medium.ttf */; };
		B6948633249D753600B13459 /* Poppins-ExtraBoldItalic.ttf in Resources */ = {isa = PBXBuildFile; fileRef = B6948621249D753400B13459 /* Poppins-ExtraBoldItalic.ttf */; };
		B6948634249D753600B13459 /* Poppins-Bold.ttf in Resources */ = {isa = PBXBuildFile; fileRef = B6948622249D753500B13459 /* Poppins-Bold.ttf */; };
		B6948635249D753600B13459 /* Poppins-Italic.ttf in Resources */ = {isa = PBXBuildFile; fileRef = B6948623249D753500B13459 /* Poppins-Italic.ttf */; };
		B6948636249D753600B13459 /* Poppins-MediumItalic.ttf in Resources */ = {isa = PBXBuildFile; fileRef = B6948624249D753500B13459 /* Poppins-MediumItalic.ttf */; };
		B6948637249D753600B13459 /* Poppins-Light.ttf in Resources */ = {isa = PBXBuildFile; fileRef = B6948625249D753500B13459 /* Poppins-Light.ttf */; };
		B6948638249D753600B13459 /* Poppins-SemiBold.ttf in Resources */ = {isa = PBXBuildFile; fileRef = B6948626249D753500B13459 /* Poppins-SemiBold.ttf */; };
		B6948639249D753600B13459 /* Poppins-Regular.ttf in Resources */ = {isa = PBXBuildFile; fileRef = B6948627249D753500B13459 /* Poppins-Regular.ttf */; };
		B694863A249D753600B13459 /* Poppins-SemiBoldItalic.ttf in Resources */ = {isa = PBXBuildFile; fileRef = B6948628249D753600B13459 /* Poppins-SemiBoldItalic.ttf */; };
		B694863B249D753600B13459 /* Poppins-Thin.ttf in Resources */ = {isa = PBXBuildFile; fileRef = B6948629249D753600B13459 /* Poppins-Thin.ttf */; };
		B694863C249D753600B13459 /* Poppins-ThinItalic.ttf in Resources */ = {isa = PBXBuildFile; fileRef = B694862A249D753600B13459 /* Poppins-ThinItalic.ttf */; };
		B694863D249D753600B13459 /* Poppins-BoldItalic.ttf in Resources */ = {isa = PBXBuildFile; fileRef = B694862B249D753600B13459 /* Poppins-BoldItalic.ttf */; };
		B694863E249D753600B13459 /* Poppins-ExtraLightItalic.ttf in Resources */ = {isa = PBXBuildFile; fileRef = B694862C249D753600B13459 /* Poppins-ExtraLightItalic.ttf */; };
		B6948640249DA3D200B13459 /* BudgetBlockCell.swift in Sources */ = {isa = PBXBuildFile; fileRef = B694863F249DA3D200B13459 /* BudgetBlockCell.swift */; };
/* End PBXBuildFile section */

/* Begin PBXContainerItemProxy section */
		5955B8AE23DB59BB00A24A8F /* PBXContainerItemProxy */ = {
			isa = PBXContainerItemProxy;
			containerPortal = 5955B88C23DB59B800A24A8F /* Project object */;
			proxyType = 1;
			remoteGlobalIDString = 5955B89323DB59B800A24A8F;
			remoteInfo = "Budget Blocks";
		};
		5955B8B923DB59BB00A24A8F /* PBXContainerItemProxy */ = {
			isa = PBXContainerItemProxy;
			containerPortal = 5955B88C23DB59B800A24A8F /* Project object */;
			proxyType = 1;
			remoteGlobalIDString = 5955B89323DB59B800A24A8F;
			remoteInfo = "Budget Blocks";
		};
/* End PBXContainerItemProxy section */

/* Begin PBXCopyFilesBuildPhase section */
		596C10FF23E0E09F003DF1D8 /* Embed Frameworks */ = {
			isa = PBXCopyFilesBuildPhase;
			buildActionMask = 2147483647;
			dstPath = "";
			dstSubfolderSpec = 10;
			files = (
				B6789484247626EE00A47332 /* OktaOidc.framework in Embed Frameworks */,
				B6789481247626EB00A47332 /* OktaAuthNative.framework in Embed Frameworks */,
				596C10FE23E0E09F003DF1D8 /* LinkKit.framework in Embed Frameworks */,
			);
			name = "Embed Frameworks";
			runOnlyForDeploymentPostprocessing = 0;
		};
/* End PBXCopyFilesBuildPhase section */

/* Begin PBXFileReference section */
		592B3CB523F2539E0035FF3A /* UIKit+Font.swift */ = {isa = PBXFileReference; lastKnownFileType = sourcecode.swift; path = "UIKit+Font.swift"; sourceTree = "<group>"; };
		592B3CB723F2594C0035FF3A /* Exo-SemiBold.otf */ = {isa = PBXFileReference; lastKnownFileType = file; path = "Exo-SemiBold.otf"; sourceTree = "<group>"; };
		5939B1F123DF5517003FB0E0 /* NetworkingController.swift */ = {isa = PBXFileReference; lastKnownFileType = sourcecode.swift; path = NetworkingController.swift; sourceTree = "<group>"; };
		5939B1F623DF586D003FB0E0 /* NetworkingControllerTests.swift */ = {isa = PBXFileReference; lastKnownFileType = sourcecode.swift; path = NetworkingControllerTests.swift; sourceTree = "<group>"; };
		5943B3EF23E491DD0050866D /* SquadaOne-Regular.ttf */ = {isa = PBXFileReference; lastKnownFileType = file; path = "SquadaOne-Regular.ttf"; sourceTree = "<group>"; };
		5943B3F123E498600050866D /* Exo-Regular.otf */ = {isa = PBXFileReference; lastKnownFileType = file; path = "Exo-Regular.otf"; sourceTree = "<group>"; };
		5955B89423DB59B800A24A8F /* Budget Blocks.app */ = {isa = PBXFileReference; explicitFileType = wrapper.application; includeInIndex = 0; path = "Budget Blocks.app"; sourceTree = BUILT_PRODUCTS_DIR; };
		5955B89723DB59B800A24A8F /* AppDelegate.swift */ = {isa = PBXFileReference; lastKnownFileType = sourcecode.swift; path = AppDelegate.swift; sourceTree = "<group>"; };
		5955B89923DB59B800A24A8F /* SceneDelegate.swift */ = {isa = PBXFileReference; lastKnownFileType = sourcecode.swift; path = SceneDelegate.swift; sourceTree = "<group>"; };
		5955B89E23DB59B800A24A8F /* Base */ = {isa = PBXFileReference; lastKnownFileType = file.storyboard; name = Base; path = Base.lproj/Main.storyboard; sourceTree = "<group>"; };
		5955B8A123DB59B800A24A8F /* Budget_Blocks.xcdatamodel */ = {isa = PBXFileReference; lastKnownFileType = wrapper.xcdatamodel; path = Budget_Blocks.xcdatamodel; sourceTree = "<group>"; };
		5955B8A323DB59BA00A24A8F /* Assets.xcassets */ = {isa = PBXFileReference; lastKnownFileType = folder.assetcatalog; path = Assets.xcassets; sourceTree = "<group>"; };
		5955B8A623DB59BA00A24A8F /* Base */ = {isa = PBXFileReference; lastKnownFileType = file.storyboard; name = Base; path = Base.lproj/LaunchScreen.storyboard; sourceTree = "<group>"; };
		5955B8A823DB59BA00A24A8F /* Info.plist */ = {isa = PBXFileReference; lastKnownFileType = text.plist.xml; path = Info.plist; sourceTree = "<group>"; };
		5955B8AD23DB59BB00A24A8F /* Budget BlocksTests.xctest */ = {isa = PBXFileReference; explicitFileType = wrapper.cfbundle; includeInIndex = 0; path = "Budget BlocksTests.xctest"; sourceTree = BUILT_PRODUCTS_DIR; };
		5955B8B323DB59BB00A24A8F /* Info.plist */ = {isa = PBXFileReference; lastKnownFileType = text.plist.xml; path = Info.plist; sourceTree = "<group>"; };
		5955B8B823DB59BB00A24A8F /* Budget BlocksUITests.xctest */ = {isa = PBXFileReference; explicitFileType = wrapper.cfbundle; includeInIndex = 0; path = "Budget BlocksUITests.xctest"; sourceTree = BUILT_PRODUCTS_DIR; };
		5955B8BC23DB59BB00A24A8F /* Budget_BlocksUITests.swift */ = {isa = PBXFileReference; lastKnownFileType = sourcecode.swift; path = Budget_BlocksUITests.swift; sourceTree = "<group>"; };
		5955B8BE23DB59BB00A24A8F /* Info.plist */ = {isa = PBXFileReference; lastKnownFileType = text.plist.xml; path = Info.plist; sourceTree = "<group>"; };
		5969C1F023E38D3200BAA183 /* CoreDataStack.swift */ = {isa = PBXFileReference; lastKnownFileType = sourcecode.swift; path = CoreDataStack.swift; sourceTree = "<group>"; };
		596C10FC23E0E09F003DF1D8 /* LinkKit.framework */ = {isa = PBXFileReference; lastKnownFileType = wrapper.framework; name = LinkKit.framework; path = ../Carthage/Build/iOS/LinkKit.framework; sourceTree = "<group>"; };
		597E119623F310EF00E505C6 /* UIAlertController+Fix.swift */ = {isa = PBXFileReference; lastKnownFileType = sourcecode.swift; path = "UIAlertController+Fix.swift"; sourceTree = "<group>"; };
		598B29FA23FDB9FA0038B698 /* Bool+Int.swift */ = {isa = PBXFileReference; lastKnownFileType = sourcecode.swift; path = "Bool+Int.swift"; sourceTree = "<group>"; };
		598B29FE23FF6D290038B698 /* UIViewController+Loading.swift */ = {isa = PBXFileReference; lastKnownFileType = sourcecode.swift; path = "UIViewController+Loading.swift"; sourceTree = "<group>"; };
		59BAB9D323F361F900BF91F7 /* Error+Log.swift */ = {isa = PBXFileReference; lastKnownFileType = sourcecode.swift; path = "Error+Log.swift"; sourceTree = "<group>"; };
		59D1550923EB91DE003233C1 /* Int64+Currency.swift */ = {isa = PBXFileReference; lastKnownFileType = sourcecode.swift; path = "Int64+Currency.swift"; sourceTree = "<group>"; };
		B61D0CB92491912B00BADBFF /* SixOnboardingViewController.swift */ = {isa = PBXFileReference; lastKnownFileType = sourcecode.swift; path = SixOnboardingViewController.swift; sourceTree = "<group>"; };
		B61D0CBB249197E800BADBFF /* SevenOnboardingViewController.swift */ = {isa = PBXFileReference; lastKnownFileType = sourcecode.swift; path = SevenOnboardingViewController.swift; sourceTree = "<group>"; };
		B61D0CBD249286EB00BADBFF /* ThirdScrollViewOnboardingViewController.swift */ = {isa = PBXFileReference; lastKnownFileType = sourcecode.swift; path = ThirdScrollViewOnboardingViewController.swift; sourceTree = "<group>"; };
		B61D0CBF2492CCEC00BADBFF /* UserController.swift */ = {isa = PBXFileReference; lastKnownFileType = sourcecode.swift; path = UserController.swift; sourceTree = "<group>"; };
		B61D0CC12492CEC000BADBFF /* CensusToPost.swift */ = {isa = PBXFileReference; lastKnownFileType = sourcecode.swift; path = CensusToPost.swift; sourceTree = "<group>"; };
		B61D0CC32492E03D00BADBFF /* CensusDataRepresentation.swift */ = {isa = PBXFileReference; lastKnownFileType = sourcecode.swift; path = CensusDataRepresentation.swift; sourceTree = "<group>"; };
		B61D0CC52492E0DE00BADBFF /* CensusData+Convenience.swift */ = {isa = PBXFileReference; lastKnownFileType = sourcecode.swift; path = "CensusData+Convenience.swift"; sourceTree = "<group>"; };
		B61D0CCA2493C75300BADBFF /* EighthOnboardingViewController.swift */ = {isa = PBXFileReference; lastKnownFileType = sourcecode.swift; path = EighthOnboardingViewController.swift; sourceTree = "<group>"; };
		B61D0CCC2493C84A00BADBFF /* OptionCell.swift */ = {isa = PBXFileReference; lastKnownFileType = sourcecode.swift; path = OptionCell.swift; sourceTree = "<group>"; };
		B6228847248022EA009FF6E5 /* UserRepresentation.swift */ = {isa = PBXFileReference; lastKnownFileType = sourcecode.swift; path = UserRepresentation.swift; sourceTree = "<group>"; };
		B622884924802334009FF6E5 /* User+Convenience.swift */ = {isa = PBXFileReference; lastKnownFileType = sourcecode.swift; path = "User+Convenience.swift"; sourceTree = "<group>"; };
		B622884E2482DADB009FF6E5 /* Charts */ = {isa = PBXFileReference; lastKnownFileType = folder; name = Charts; path = ../Carthage/Checkouts/Charts; sourceTree = "<group>"; };
		B62D630C249AFA0E00B98CCE /* animation.json */ = {isa = PBXFileReference; fileEncoding = 4; lastKnownFileType = text.json; path = animation.json; sourceTree = "<group>"; };
		B6458E412493DBA800791EA0 /* NinethOnboardingViewController.swift */ = {isa = PBXFileReference; lastKnownFileType = sourcecode.swift; path = NinethOnboardingViewController.swift; sourceTree = "<group>"; };
		B64B162D24904303000D9656 /* FourthOnboardingViewController.swift */ = {isa = PBXFileReference; lastKnownFileType = sourcecode.swift; path = FourthOnboardingViewController.swift; sourceTree = "<group>"; };
		B64B162F2491878B000D9656 /* FiveOnboardingViewController.swift */ = {isa = PBXFileReference; lastKnownFileType = sourcecode.swift; path = FiveOnboardingViewController.swift; sourceTree = "<group>"; };
		B64B163124918A46000D9656 /* CustomCell.swift */ = {isa = PBXFileReference; lastKnownFileType = sourcecode.swift; path = CustomCell.swift; sourceTree = "<group>"; };
		B65025D724981C8200ACF541 /* WelcomeOnboardingViewController.swift */ = {isa = PBXFileReference; lastKnownFileType = sourcecode.swift; path = WelcomeOnboardingViewController.swift; sourceTree = "<group>"; };
		B65025D92499071F00ACF541 /* DashboardViewController.swift */ = {isa = PBXFileReference; lastKnownFileType = sourcecode.swift; path = DashboardViewController.swift; sourceTree = "<group>"; };
		B65025DD24990E3900ACF541 /* BudgetScreen.swift */ = {isa = PBXFileReference; lastKnownFileType = sourcecode.swift; path = BudgetScreen.swift; sourceTree = "<group>"; };
		B65025DF2499359100ACF541 /* CalendarCell.swift */ = {isa = PBXFileReference; lastKnownFileType = sourcecode.swift; path = CalendarCell.swift; sourceTree = "<group>"; };
		B65025E324993C0400ACF541 /* BlocksDataSource.swift */ = {isa = PBXFileReference; lastKnownFileType = sourcecode.swift; path = BlocksDataSource.swift; sourceTree = "<group>"; };
		B65025E524993CAC00ACF541 /* CalenderDatasource.swift */ = {isa = PBXFileReference; lastKnownFileType = sourcecode.swift; path = CalenderDatasource.swift; sourceTree = "<group>"; };
		B65025E924993E6E00ACF541 /* BlockCell.swift */ = {isa = PBXFileReference; lastKnownFileType = sourcecode.swift; path = BlockCell.swift; sourceTree = "<group>"; };
		B65025EE249951E200ACF541 /* CategoryCell.swift */ = {isa = PBXFileReference; lastKnownFileType = sourcecode.swift; path = CategoryCell.swift; sourceTree = "<group>"; };
		B65025F22499751300ACF541 /* ChartCell.swift */ = {isa = PBXFileReference; lastKnownFileType = sourcecode.swift; path = ChartCell.swift; sourceTree = "<group>"; };
		B65025F824997A3500ACF541 /* ActivityCell.swift */ = {isa = PBXFileReference; lastKnownFileType = sourcecode.swift; path = ActivityCell.swift; sourceTree = "<group>"; };
		B65025FD249A5A9A00ACF541 /* ProfileVC.swift */ = {isa = PBXFileReference; lastKnownFileType = sourcecode.swift; path = ProfileVC.swift; sourceTree = "<group>"; };
		B65025FF249A619400ACF541 /* NotificationVC.swift */ = {isa = PBXFileReference; lastKnownFileType = sourcecode.swift; path = NotificationVC.swift; sourceTree = "<group>"; };
		B6502601249A61A900ACF541 /* BudgetBlocksVC.swift */ = {isa = PBXFileReference; lastKnownFileType = sourcecode.swift; path = BudgetBlocksVC.swift; sourceTree = "<group>"; };
		B650C3DA248FF45000DED736 /* NativeSignUpViewController.swift */ = {isa = PBXFileReference; lastKnownFileType = sourcecode.swift; path = NativeSignUpViewController.swift; sourceTree = "<group>"; };
		B650C3DC249013C400DED736 /* FirstOnboardingViewController.swift */ = {isa = PBXFileReference; lastKnownFileType = sourcecode.swift; path = FirstOnboardingViewController.swift; sourceTree = "<group>"; };
		B650C3DE24901B7200DED736 /* SecondOnboardingViewController.swift */ = {isa = PBXFileReference; lastKnownFileType = sourcecode.swift; path = SecondOnboardingViewController.swift; sourceTree = "<group>"; };
		B6524F08249ACEE100F8F52C /* RegisteringUser.swift */ = {isa = PBXFileReference; lastKnownFileType = sourcecode.swift; path = RegisteringUser.swift; sourceTree = "<group>"; };
		B6524F0A249AF74600F8F52C /* AnimationViewController.swift */ = {isa = PBXFileReference; lastKnownFileType = sourcecode.swift; path = AnimationViewController.swift; sourceTree = "<group>"; };
		B653B5EC2485612A0005446C /* Client.swift */ = {isa = PBXFileReference; lastKnownFileType = sourcecode.swift; path = Client.swift; sourceTree = "<group>"; };
		B653B5EE2485785D0005446C /* BankInfo.swift */ = {isa = PBXFileReference; lastKnownFileType = sourcecode.swift; path = BankInfo.swift; sourceTree = "<group>"; };
		B653B5F0248590020005446C /* OnlineTransaction.swift */ = {isa = PBXFileReference; lastKnownFileType = sourcecode.swift; path = OnlineTransaction.swift; sourceTree = "<group>"; };
		B653B5F22486FBD70005446C /* DataScienceTransactionRepresentation.swift */ = {isa = PBXFileReference; lastKnownFileType = sourcecode.swift; path = DataScienceTransactionRepresentation.swift; sourceTree = "<group>"; };
		B653B5F4248849120005446C /* NativeLoginViewController.swift */ = {isa = PBXFileReference; lastKnownFileType = sourcecode.swift; path = NativeLoginViewController.swift; sourceTree = "<group>"; };
		B653CB3C24A23C7300F3A629 /* GoalRepresentation.swift */ = {isa = PBXFileReference; lastKnownFileType = sourcecode.swift; path = GoalRepresentation.swift; sourceTree = "<group>"; };
		B653CB4224A23E0100F3A629 /* Goal+Convenience.swift */ = {isa = PBXFileReference; lastKnownFileType = sourcecode.swift; path = "Goal+Convenience.swift"; sourceTree = "<group>"; };
		B678947F247626EA00A47332 /* OktaAuthNative.framework */ = {isa = PBXFileReference; lastKnownFileType = wrapper.framework; name = OktaAuthNative.framework; path = ../Carthage/Build/iOS/OktaAuthNative.framework; sourceTree = "<group>"; };
		B6789482247626ED00A47332 /* OktaOidc.framework */ = {isa = PBXFileReference; lastKnownFileType = wrapper.framework; name = OktaOidc.framework; path = ../Carthage/Build/iOS/OktaOidc.framework; sourceTree = "<group>"; };
		B678948524762D0B00A47332 /* Okta.plist */ = {isa = PBXFileReference; fileEncoding = 4; lastKnownFileType = text.plist.xml; path = Okta.plist; sourceTree = "<group>"; };
		B694861B249D753400B13459 /* Poppins-LightItalic.ttf */ = {isa = PBXFileReference; lastKnownFileType = file; path = "Poppins-LightItalic.ttf"; sourceTree = "<group>"; };
		B694861C249D753400B13459 /* Poppins-ExtraLight.ttf */ = {isa = PBXFileReference; lastKnownFileType = file; path = "Poppins-ExtraLight.ttf"; sourceTree = "<group>"; };
		B694861D249D753400B13459 /* Poppins-Black.ttf */ = {isa = PBXFileReference; lastKnownFileType = file; path = "Poppins-Black.ttf"; sourceTree = "<group>"; };
		B694861E249D753400B13459 /* Poppins-ExtraBold.ttf */ = {isa = PBXFileReference; lastKnownFileType = file; path = "Poppins-ExtraBold.ttf"; sourceTree = "<group>"; };
		B694861F249D753400B13459 /* Poppins-BlackItalic.ttf */ = {isa = PBXFileReference; lastKnownFileType = file; path = "Poppins-BlackItalic.ttf"; sourceTree = "<group>"; };
		B6948620249D753400B13459 /* Poppins-Medium.ttf */ = {isa = PBXFileReference; lastKnownFileType = file; path = "Poppins-Medium.ttf"; sourceTree = "<group>"; };
		B6948621249D753400B13459 /* Poppins-ExtraBoldItalic.ttf */ = {isa = PBXFileReference; lastKnownFileType = file; path = "Poppins-ExtraBoldItalic.ttf"; sourceTree = "<group>"; };
		B6948622249D753500B13459 /* Poppins-Bold.ttf */ = {isa = PBXFileReference; lastKnownFileType = file; path = "Poppins-Bold.ttf"; sourceTree = "<group>"; };
		B6948623249D753500B13459 /* Poppins-Italic.ttf */ = {isa = PBXFileReference; lastKnownFileType = file; path = "Poppins-Italic.ttf"; sourceTree = "<group>"; };
		B6948624249D753500B13459 /* Poppins-MediumItalic.ttf */ = {isa = PBXFileReference; lastKnownFileType = file; path = "Poppins-MediumItalic.ttf"; sourceTree = "<group>"; };
		B6948625249D753500B13459 /* Poppins-Light.ttf */ = {isa = PBXFileReference; lastKnownFileType = file; path = "Poppins-Light.ttf"; sourceTree = "<group>"; };
		B6948626249D753500B13459 /* Poppins-SemiBold.ttf */ = {isa = PBXFileReference; lastKnownFileType = file; path = "Poppins-SemiBold.ttf"; sourceTree = "<group>"; };
		B6948627249D753500B13459 /* Poppins-Regular.ttf */ = {isa = PBXFileReference; lastKnownFileType = file; path = "Poppins-Regular.ttf"; sourceTree = "<group>"; };
		B6948628249D753600B13459 /* Poppins-SemiBoldItalic.ttf */ = {isa = PBXFileReference; lastKnownFileType = file; path = "Poppins-SemiBoldItalic.ttf"; sourceTree = "<group>"; };
		B6948629249D753600B13459 /* Poppins-Thin.ttf */ = {isa = PBXFileReference; lastKnownFileType = file; path = "Poppins-Thin.ttf"; sourceTree = "<group>"; };
		B694862A249D753600B13459 /* Poppins-ThinItalic.ttf */ = {isa = PBXFileReference; lastKnownFileType = file; path = "Poppins-ThinItalic.ttf"; sourceTree = "<group>"; };
		B694862B249D753600B13459 /* Poppins-BoldItalic.ttf */ = {isa = PBXFileReference; lastKnownFileType = file; path = "Poppins-BoldItalic.ttf"; sourceTree = "<group>"; };
		B694862C249D753600B13459 /* Poppins-ExtraLightItalic.ttf */ = {isa = PBXFileReference; lastKnownFileType = file; path = "Poppins-ExtraLightItalic.ttf"; sourceTree = "<group>"; };
		B694863F249DA3D200B13459 /* BudgetBlockCell.swift */ = {isa = PBXFileReference; lastKnownFileType = sourcecode.swift; path = BudgetBlockCell.swift; sourceTree = "<group>"; };
		B6D175EF24A14F5000DF6F36 /* Budget_Blocks 3.xcdatamodel */ = {isa = PBXFileReference; lastKnownFileType = wrapper.xcdatamodel; path = "Budget_Blocks 3.xcdatamodel"; sourceTree = "<group>"; };
		B6F0230C24733836004FE006 /* Budget_Blocks 2.xcdatamodel */ = {isa = PBXFileReference; lastKnownFileType = wrapper.xcdatamodel; path = "Budget_Blocks 2.xcdatamodel"; sourceTree = "<group>"; };
/* End PBXFileReference section */

/* Begin PBXFrameworksBuildPhase section */
		5955B89123DB59B800A24A8F /* Frameworks */ = {
			isa = PBXFrameworksBuildPhase;
			buildActionMask = 2147483647;
			files = (
				B6789480247626EB00A47332 /* OktaAuthNative.framework in Frameworks */,
				B62288502482DAF2009FF6E5 /* Charts in Frameworks */,
				598B29F923FD994D0038B698 /* KeychainSwift in Frameworks */,
				B653B603248875AE0005446C /* SVProgressHUD in Frameworks */,
				5939B1F523DF55F3003FB0E0 /* SwiftyJSON in Frameworks */,
				B6789483247626EE00A47332 /* OktaOidc.framework in Frameworks */,
				596C10FD23E0E09F003DF1D8 /* LinkKit.framework in Frameworks */,
				B6524F0E249AF92E00F8F52C /* Lottie in Frameworks */,
			);
			runOnlyForDeploymentPostprocessing = 0;
		};
		5955B8AA23DB59BB00A24A8F /* Frameworks */ = {
			isa = PBXFrameworksBuildPhase;
			buildActionMask = 2147483647;
			files = (
			);
			runOnlyForDeploymentPostprocessing = 0;
		};
		5955B8B523DB59BB00A24A8F /* Frameworks */ = {
			isa = PBXFrameworksBuildPhase;
			buildActionMask = 2147483647;
			files = (
			);
			runOnlyForDeploymentPostprocessing = 0;
		};
/* End PBXFrameworksBuildPhase section */

/* Begin PBXGroup section */
		5939B1F023DF54E4003FB0E0 /* Networking */ = {
			isa = PBXGroup;
			children = (
				5939B1F123DF5517003FB0E0 /* NetworkingController.swift */,
			);
			path = Networking;
			sourceTree = "<group>";
		};
		5943B3EE23E491A10050866D /* Fonts */ = {
			isa = PBXGroup;
			children = (
				B694861D249D753400B13459 /* Poppins-Black.ttf */,
				B694861F249D753400B13459 /* Poppins-BlackItalic.ttf */,
				B6948622249D753500B13459 /* Poppins-Bold.ttf */,
				B694862B249D753600B13459 /* Poppins-BoldItalic.ttf */,
				B694861E249D753400B13459 /* Poppins-ExtraBold.ttf */,
				B6948621249D753400B13459 /* Poppins-ExtraBoldItalic.ttf */,
				B694861C249D753400B13459 /* Poppins-ExtraLight.ttf */,
				B694862C249D753600B13459 /* Poppins-ExtraLightItalic.ttf */,
				B6948623249D753500B13459 /* Poppins-Italic.ttf */,
				B6948625249D753500B13459 /* Poppins-Light.ttf */,
				B694861B249D753400B13459 /* Poppins-LightItalic.ttf */,
				B6948620249D753400B13459 /* Poppins-Medium.ttf */,
				B6948624249D753500B13459 /* Poppins-MediumItalic.ttf */,
				B6948627249D753500B13459 /* Poppins-Regular.ttf */,
				B6948626249D753500B13459 /* Poppins-SemiBold.ttf */,
				B6948628249D753600B13459 /* Poppins-SemiBoldItalic.ttf */,
				B6948629249D753600B13459 /* Poppins-Thin.ttf */,
				B694862A249D753600B13459 /* Poppins-ThinItalic.ttf */,
				5943B3EF23E491DD0050866D /* SquadaOne-Regular.ttf */,
				5943B3F123E498600050866D /* Exo-Regular.otf */,
				592B3CB723F2594C0035FF3A /* Exo-SemiBold.otf */,
			);
			path = Fonts;
			sourceTree = "<group>";
		};
		5955B88B23DB59B800A24A8F = {
			isa = PBXGroup;
			children = (
				5955B89623DB59B800A24A8F /* Budget Blocks */,
				5955B8B023DB59BB00A24A8F /* Budget BlocksTests */,
				5955B8BB23DB59BB00A24A8F /* Budget BlocksUITests */,
				5955B89523DB59B800A24A8F /* Products */,
				596C10FB23E0E09F003DF1D8 /* Frameworks */,
			);
			sourceTree = "<group>";
		};
		5955B89523DB59B800A24A8F /* Products */ = {
			isa = PBXGroup;
			children = (
				5955B89423DB59B800A24A8F /* Budget Blocks.app */,
				5955B8AD23DB59BB00A24A8F /* Budget BlocksTests.xctest */,
				5955B8B823DB59BB00A24A8F /* Budget BlocksUITests.xctest */,
			);
			name = Products;
			sourceTree = "<group>";
		};
		5955B89623DB59B800A24A8F /* Budget Blocks */ = {
			isa = PBXGroup;
			children = (
				B62D630C249AFA0E00B98CCE /* animation.json */,
				5955B89723DB59B800A24A8F /* AppDelegate.swift */,
				5955B89923DB59B800A24A8F /* SceneDelegate.swift */,
				5969C1EF23E38CC800BAA183 /* Model */,
				5969C1F423E3903400BAA183 /* Model Controllers */,
				B65025DB2499073E00ACF541 /* Login&SignUpVC */,
				B650C3E024901B7900DED736 /* OnboardingScreens */,
				B65025DC2499075500ACF541 /* DashboardViewController */,
				B65025FC249A474400ACF541 /* Setting Screens */,
				5939B1F023DF54E4003FB0E0 /* Networking */,
				B6F022452470B841004FE006 /* Storyboards */,
				B6F022462470B84A004FE006 /* Resources */,
				59D1550823EB91BD003233C1 /* Helpers */,
				5943B3EE23E491A10050866D /* Fonts */,
			);
			path = "Budget Blocks";
			sourceTree = "<group>";
		};
		5955B8B023DB59BB00A24A8F /* Budget BlocksTests */ = {
			isa = PBXGroup;
			children = (
				5955B8B323DB59BB00A24A8F /* Info.plist */,
				5939B1F623DF586D003FB0E0 /* NetworkingControllerTests.swift */,
			);
			path = "Budget BlocksTests";
			sourceTree = "<group>";
		};
		5955B8BB23DB59BB00A24A8F /* Budget BlocksUITests */ = {
			isa = PBXGroup;
			children = (
				5955B8BC23DB59BB00A24A8F /* Budget_BlocksUITests.swift */,
				5955B8BE23DB59BB00A24A8F /* Info.plist */,
			);
			path = "Budget BlocksUITests";
			sourceTree = "<group>";
		};
		5969C1EF23E38CC800BAA183 /* Model */ = {
			isa = PBXGroup;
			children = (
				B61DE14024A4F344000E577A /* CoreData */,
				B653CB3F24A23D6400F3A629 /* UserInformation */,
				B653CB4124A23DA900F3A629 /* Goal */,
				B653CB4024A23D9D00F3A629 /* Transaction */,
				B653CB3E24A23D3400F3A629 /* CensusData */,
			);
			path = Model;
			sourceTree = "<group>";
		};
		5969C1F423E3903400BAA183 /* Model Controllers */ = {
			isa = PBXGroup;
			children = (
				B61D0CBF2492CCEC00BADBFF /* UserController.swift */,
			);
			path = "Model Controllers";
			sourceTree = "<group>";
		};
		596C10FB23E0E09F003DF1D8 /* Frameworks */ = {
			isa = PBXGroup;
			children = (
				B622884E2482DADB009FF6E5 /* Charts */,
				B6789482247626ED00A47332 /* OktaOidc.framework */,
				B678947F247626EA00A47332 /* OktaAuthNative.framework */,
				596C10FC23E0E09F003DF1D8 /* LinkKit.framework */,
			);
			name = Frameworks;
			sourceTree = "<group>";
		};
		59D1550823EB91BD003233C1 /* Helpers */ = {
			isa = PBXGroup;
			children = (
				59D1550923EB91DE003233C1 /* Int64+Currency.swift */,
				592B3CB523F2539E0035FF3A /* UIKit+Font.swift */,
				597E119623F310EF00E505C6 /* UIAlertController+Fix.swift */,
				59BAB9D323F361F900BF91F7 /* Error+Log.swift */,
				598B29FA23FDB9FA0038B698 /* Bool+Int.swift */,
				598B29FE23FF6D290038B698 /* UIViewController+Loading.swift */,
			);
			path = Helpers;
			sourceTree = "<group>";
		};
		B61D0CCE2493C84F00BADBFF /* EighthOnboardingViewController */ = {
			isa = PBXGroup;
			children = (
				B61D0CCA2493C75300BADBFF /* EighthOnboardingViewController.swift */,
				B61D0CCC2493C84A00BADBFF /* OptionCell.swift */,
			);
			path = EighthOnboardingViewController;
			sourceTree = "<group>";
		};
		B61DE14024A4F344000E577A /* CoreData */ = {
			isa = PBXGroup;
			children = (
				5955B8A023DB59B800A24A8F /* Budget_Blocks.xcdatamodeld */,
				5969C1F023E38D3200BAA183 /* CoreDataStack.swift */,
			);
			path = CoreData;
			sourceTree = "<group>";
		};
		B64B163324918A4B000D9656 /* FiveOnboardingViewController */ = {
			isa = PBXGroup;
			children = (
				B64B162F2491878B000D9656 /* FiveOnboardingViewController.swift */,
				B64B163124918A46000D9656 /* CustomCell.swift */,
			);
			path = FiveOnboardingViewController;
			sourceTree = "<group>";
		};
		B65025DB2499073E00ACF541 /* Login&SignUpVC */ = {
			isa = PBXGroup;
			children = (
				B653B5F4248849120005446C /* NativeLoginViewController.swift */,
				B650C3DA248FF45000DED736 /* NativeSignUpViewController.swift */,
			);
			path = "Login&SignUpVC";
			sourceTree = "<group>";
		};
		B65025DC2499075500ACF541 /* DashboardViewController */ = {
			isa = PBXGroup;
			children = (
				B65025D92499071F00ACF541 /* DashboardViewController.swift */,
				B65025F52499799800ACF541 /* ChartScreen */,
				B65025F42499798A00ACF541 /* BudgetScreen */,
			);
			path = DashboardViewController;
			sourceTree = "<group>";
		};
		B65025E724993E1100ACF541 /* CalenderCollectionViewController */ = {
			isa = PBXGroup;
			children = (
				B65025DF2499359100ACF541 /* CalendarCell.swift */,
				B65025E524993CAC00ACF541 /* CalenderDatasource.swift */,
			);
			path = CalenderCollectionViewController;
			sourceTree = "<group>";
		};
		B65025E824993E4800ACF541 /* BlocksCollectionViewController */ = {
			isa = PBXGroup;
			children = (
				B65025E324993C0400ACF541 /* BlocksDataSource.swift */,
				B65025E924993E6E00ACF541 /* BlockCell.swift */,
			);
			path = BlocksCollectionViewController;
			sourceTree = "<group>";
		};
		B65025ED249951D300ACF541 /* CategoryTableViewController */ = {
			isa = PBXGroup;
			children = (
				B65025EE249951E200ACF541 /* CategoryCell.swift */,
			);
			path = CategoryTableViewController;
			sourceTree = "<group>";
		};
		B65025F42499798A00ACF541 /* BudgetScreen */ = {
			isa = PBXGroup;
			children = (
				B65025DD24990E3900ACF541 /* BudgetScreen.swift */,
				B65025E824993E4800ACF541 /* BlocksCollectionViewController */,
				B65025E724993E1100ACF541 /* CalenderCollectionViewController */,
				B65025ED249951D300ACF541 /* CategoryTableViewController */,
			);
			path = BudgetScreen;
			sourceTree = "<group>";
		};
		B65025F52499799800ACF541 /* ChartScreen */ = {
			isa = PBXGroup;
			children = (
				B65025F22499751300ACF541 /* ChartCell.swift */,
				B65025F824997A3500ACF541 /* ActivityCell.swift */,
			);
			path = ChartScreen;
			sourceTree = "<group>";
		};
		B65025FC249A474400ACF541 /* Setting Screens */ = {
			isa = PBXGroup;
			children = (
				B65025FD249A5A9A00ACF541 /* ProfileVC.swift */,
				B65025FF249A619400ACF541 /* NotificationVC.swift */,
				B6948641249DA3D500B13459 /* BudgetBlocksVC */,
			);
			path = "Setting Screens";
			sourceTree = "<group>";
		};
		B650C3E024901B7900DED736 /* OnboardingScreens */ = {
			isa = PBXGroup;
			children = (
				B6524F0A249AF74600F8F52C /* AnimationViewController.swift */,
				B65025D724981C8200ACF541 /* WelcomeOnboardingViewController.swift */,
				B650C3DC249013C400DED736 /* FirstOnboardingViewController.swift */,
				B650C3DE24901B7200DED736 /* SecondOnboardingViewController.swift */,
				B61D0CBD249286EB00BADBFF /* ThirdScrollViewOnboardingViewController.swift */,
				B64B162D24904303000D9656 /* FourthOnboardingViewController.swift */,
				B64B163324918A4B000D9656 /* FiveOnboardingViewController */,
				B61D0CB92491912B00BADBFF /* SixOnboardingViewController.swift */,
				B61D0CBB249197E800BADBFF /* SevenOnboardingViewController.swift */,
				B61D0CCE2493C84F00BADBFF /* EighthOnboardingViewController */,
				B6458E412493DBA800791EA0 /* NinethOnboardingViewController.swift */,
			);
			path = OnboardingScreens;
			sourceTree = "<group>";
		};
		B653CB3E24A23D3400F3A629 /* CensusData */ = {
			isa = PBXGroup;
			children = (
				B61D0CC32492E03D00BADBFF /* CensusDataRepresentation.swift */,
				B61D0CC52492E0DE00BADBFF /* CensusData+Convenience.swift */,
				B61D0CC12492CEC000BADBFF /* CensusToPost.swift */,
			);
			path = CensusData;
			sourceTree = "<group>";
		};
		B653CB3F24A23D6400F3A629 /* UserInformation */ = {
			isa = PBXGroup;
			children = (
				B6228847248022EA009FF6E5 /* UserRepresentation.swift */,
				B6524F08249ACEE100F8F52C /* RegisteringUser.swift */,
				B622884924802334009FF6E5 /* User+Convenience.swift */,
				B653B5EC2485612A0005446C /* Client.swift */,
				B653B5EE2485785D0005446C /* BankInfo.swift */,
			);
			path = UserInformation;
			sourceTree = "<group>";
		};
		B653CB4024A23D9D00F3A629 /* Transaction */ = {
			isa = PBXGroup;
			children = (
				B653B5F0248590020005446C /* OnlineTransaction.swift */,
				B653B5F22486FBD70005446C /* DataScienceTransactionRepresentation.swift */,
			);
			path = Transaction;
			sourceTree = "<group>";
		};
		B653CB4124A23DA900F3A629 /* Goal */ = {
			isa = PBXGroup;
			children = (
				B653CB3C24A23C7300F3A629 /* GoalRepresentation.swift */,
				B653CB4224A23E0100F3A629 /* Goal+Convenience.swift */,
			);
			path = Goal;
			sourceTree = "<group>";
		};
		B6948641249DA3D500B13459 /* BudgetBlocksVC */ = {
			isa = PBXGroup;
			children = (
				B6502601249A61A900ACF541 /* BudgetBlocksVC.swift */,
				B694863F249DA3D200B13459 /* BudgetBlockCell.swift */,
			);
			path = BudgetBlocksVC;
			sourceTree = "<group>";
		};
		B6F022452470B841004FE006 /* Storyboards */ = {
			isa = PBXGroup;
			children = (
				5955B89D23DB59B800A24A8F /* Main.storyboard */,
				5955B8A523DB59BA00A24A8F /* LaunchScreen.storyboard */,
			);
			path = Storyboards;
			sourceTree = "<group>";
		};
		B6F022462470B84A004FE006 /* Resources */ = {
			isa = PBXGroup;
			children = (
				B678948524762D0B00A47332 /* Okta.plist */,
				5955B8A823DB59BA00A24A8F /* Info.plist */,
				5955B8A323DB59BA00A24A8F /* Assets.xcassets */,
			);
			path = Resources;
			sourceTree = "<group>";
		};
/* End PBXGroup section */

/* Begin PBXNativeTarget section */
		5955B89323DB59B800A24A8F /* Budget Blocks */ = {
			isa = PBXNativeTarget;
			buildConfigurationList = 5955B8C123DB59BB00A24A8F /* Build configuration list for PBXNativeTarget "Budget Blocks" */;
			buildPhases = (
				5955B89023DB59B800A24A8F /* Sources */,
				5955B89123DB59B800A24A8F /* Frameworks */,
				5955B89223DB59B800A24A8F /* Resources */,
				596C10FF23E0E09F003DF1D8 /* Embed Frameworks */,
				596C110023E0E0D1003DF1D8 /* Prepare for Distribution */,
			);
			buildRules = (
			);
			dependencies = (
			);
			name = "Budget Blocks";
			packageProductDependencies = (
				5939B1F423DF55F3003FB0E0 /* SwiftyJSON */,
				598B29F823FD994D0038B698 /* KeychainSwift */,
				B622884F2482DAF2009FF6E5 /* Charts */,
				B653B602248875AE0005446C /* SVProgressHUD */,
				B6524F0D249AF92E00F8F52C /* Lottie */,
			);
			productName = "Budget Blocks";
			productReference = 5955B89423DB59B800A24A8F /* Budget Blocks.app */;
			productType = "com.apple.product-type.application";
		};
		5955B8AC23DB59BB00A24A8F /* Budget BlocksTests */ = {
			isa = PBXNativeTarget;
			buildConfigurationList = 5955B8C423DB59BB00A24A8F /* Build configuration list for PBXNativeTarget "Budget BlocksTests" */;
			buildPhases = (
				5955B8A923DB59BB00A24A8F /* Sources */,
				5955B8AA23DB59BB00A24A8F /* Frameworks */,
				5955B8AB23DB59BB00A24A8F /* Resources */,
			);
			buildRules = (
			);
			dependencies = (
				5955B8AF23DB59BB00A24A8F /* PBXTargetDependency */,
			);
			name = "Budget BlocksTests";
			productName = "Budget BlocksTests";
			productReference = 5955B8AD23DB59BB00A24A8F /* Budget BlocksTests.xctest */;
			productType = "com.apple.product-type.bundle.unit-test";
		};
		5955B8B723DB59BB00A24A8F /* Budget BlocksUITests */ = {
			isa = PBXNativeTarget;
			buildConfigurationList = 5955B8C723DB59BB00A24A8F /* Build configuration list for PBXNativeTarget "Budget BlocksUITests" */;
			buildPhases = (
				5955B8B423DB59BB00A24A8F /* Sources */,
				5955B8B523DB59BB00A24A8F /* Frameworks */,
				5955B8B623DB59BB00A24A8F /* Resources */,
			);
			buildRules = (
			);
			dependencies = (
				5955B8BA23DB59BB00A24A8F /* PBXTargetDependency */,
			);
			name = "Budget BlocksUITests";
			productName = "Budget BlocksUITests";
			productReference = 5955B8B823DB59BB00A24A8F /* Budget BlocksUITests.xctest */;
			productType = "com.apple.product-type.bundle.ui-testing";
		};
/* End PBXNativeTarget section */

/* Begin PBXProject section */
		5955B88C23DB59B800A24A8F /* Project object */ = {
			isa = PBXProject;
			attributes = {
				LastSwiftUpdateCheck = 1130;
				LastUpgradeCheck = 1130;
				ORGANIZATIONNAME = "Isaac Lyons";
				TargetAttributes = {
					5955B89323DB59B800A24A8F = {
						CreatedOnToolsVersion = 11.3.1;
					};
					5955B8AC23DB59BB00A24A8F = {
						CreatedOnToolsVersion = 11.3.1;
						TestTargetID = 5955B89323DB59B800A24A8F;
					};
					5955B8B723DB59BB00A24A8F = {
						CreatedOnToolsVersion = 11.3.1;
						TestTargetID = 5955B89323DB59B800A24A8F;
					};
				};
			};
			buildConfigurationList = 5955B88F23DB59B800A24A8F /* Build configuration list for PBXProject "Budget Blocks" */;
			compatibilityVersion = "Xcode 9.3";
			developmentRegion = en;
			hasScannedForEncodings = 0;
			knownRegions = (
				en,
				Base,
			);
			mainGroup = 5955B88B23DB59B800A24A8F;
			packageReferences = (
				5939B1F323DF55F3003FB0E0 /* XCRemoteSwiftPackageReference "SwiftyJSON" */,
				598B29F723FD994D0038B698 /* XCRemoteSwiftPackageReference "keychain-swift" */,
				B653B601248875AE0005446C /* XCRemoteSwiftPackageReference "SVProgressHUD" */,
				B6524F0C249AF92E00F8F52C /* XCRemoteSwiftPackageReference "lottie-ios" */,
			);
			productRefGroup = 5955B89523DB59B800A24A8F /* Products */;
			projectDirPath = "";
			projectRoot = "";
			targets = (
				5955B89323DB59B800A24A8F /* Budget Blocks */,
				5955B8AC23DB59BB00A24A8F /* Budget BlocksTests */,
				5955B8B723DB59BB00A24A8F /* Budget BlocksUITests */,
			);
		};
/* End PBXProject section */

/* Begin PBXResourcesBuildPhase section */
		5955B89223DB59B800A24A8F /* Resources */ = {
			isa = PBXResourcesBuildPhase;
			buildActionMask = 2147483647;
			files = (
				B694862E249D753600B13459 /* Poppins-ExtraLight.ttf in Resources */,
				B6948635249D753600B13459 /* Poppins-Italic.ttf in Resources */,
				B6948632249D753600B13459 /* Poppins-Medium.ttf in Resources */,
				B6948631249D753600B13459 /* Poppins-BlackItalic.ttf in Resources */,
				B6948634249D753600B13459 /* Poppins-Bold.ttf in Resources */,
				B6948638249D753600B13459 /* Poppins-SemiBold.ttf in Resources */,
				5943B3F223E498600050866D /* Exo-Regular.otf in Resources */,
				592B3CB823F25A950035FF3A /* Exo-SemiBold.otf in Resources */,
				B694863E249D753600B13459 /* Poppins-ExtraLightItalic.ttf in Resources */,
				B6948636249D753600B13459 /* Poppins-MediumItalic.ttf in Resources */,
				B694863C249D753600B13459 /* Poppins-ThinItalic.ttf in Resources */,
				B6948639249D753600B13459 /* Poppins-Regular.ttf in Resources */,
				5955B8A723DB59BA00A24A8F /* LaunchScreen.storyboard in Resources */,
				B694863A249D753600B13459 /* Poppins-SemiBoldItalic.ttf in Resources */,
				B6948630249D753600B13459 /* Poppins-ExtraBold.ttf in Resources */,
				B6948637249D753600B13459 /* Poppins-Light.ttf in Resources */,
				B678948624762D0B00A47332 /* Okta.plist in Resources */,
				5943B3F023E491DD0050866D /* SquadaOne-Regular.ttf in Resources */,
				B6948633249D753600B13459 /* Poppins-ExtraBoldItalic.ttf in Resources */,
				5955B8A423DB59BA00A24A8F /* Assets.xcassets in Resources */,
				B694863D249D753600B13459 /* Poppins-BoldItalic.ttf in Resources */,
				B62D630D249AFA0E00B98CCE /* animation.json in Resources */,
				B694863B249D753600B13459 /* Poppins-Thin.ttf in Resources */,
				B694862F249D753600B13459 /* Poppins-Black.ttf in Resources */,
				B694862D249D753600B13459 /* Poppins-LightItalic.ttf in Resources */,
				5955B89F23DB59B800A24A8F /* Main.storyboard in Resources */,
			);
			runOnlyForDeploymentPostprocessing = 0;
		};
		5955B8AB23DB59BB00A24A8F /* Resources */ = {
			isa = PBXResourcesBuildPhase;
			buildActionMask = 2147483647;
			files = (
			);
			runOnlyForDeploymentPostprocessing = 0;
		};
		5955B8B623DB59BB00A24A8F /* Resources */ = {
			isa = PBXResourcesBuildPhase;
			buildActionMask = 2147483647;
			files = (
			);
			runOnlyForDeploymentPostprocessing = 0;
		};
/* End PBXResourcesBuildPhase section */

/* Begin PBXShellScriptBuildPhase section */
		596C110023E0E0D1003DF1D8 /* Prepare for Distribution */ = {
			isa = PBXShellScriptBuildPhase;
			buildActionMask = 2147483647;
			files = (
			);
			inputFileListPaths = (
			);
			inputPaths = (
			);
			name = "Prepare for Distribution";
			outputFileListPaths = (
			);
			outputPaths = (
			);
			runOnlyForDeploymentPostprocessing = 0;
			shellPath = /bin/sh;
			shellScript = "LINK_ROOT=${PODS_ROOT:+$PODS_ROOT/Plaid/ios}\ncp \"${LINK_ROOT:-$PROJECT_DIR}/../Carthage/Build/iOS/\"/LinkKit.framework/prepare_for_distribution.sh \"${CODESIGNING_FOLDER_PATH}\"/Frameworks/LinkKit.framework/prepare_for_distribution.sh\n\"${CODESIGNING_FOLDER_PATH}\"/Frameworks/LinkKit.framework/prepare_for_distribution.sh\n";
		};
/* End PBXShellScriptBuildPhase section */

/* Begin PBXSourcesBuildPhase section */
		5955B89023DB59B800A24A8F /* Sources */ = {
			isa = PBXSourcesBuildPhase;
			buildActionMask = 2147483647;
			files = (
				592B3CB623F2539E0035FF3A /* UIKit+Font.swift in Sources */,
				B65025E02499359100ACF541 /* CalendarCell.swift in Sources */,
				B650C3DF24901B7200DED736 /* SecondOnboardingViewController.swift in Sources */,
				B65025EF249951E200ACF541 /* CategoryCell.swift in Sources */,
				B65025EA24993E6E00ACF541 /* BlockCell.swift in Sources */,
				B61D0CC02492CCEC00BADBFF /* UserController.swift in Sources */,
				598B29FB23FDB9FA0038B698 /* Bool+Int.swift in Sources */,
				B61D0CCB2493C75300BADBFF /* EighthOnboardingViewController.swift in Sources */,
				B6502600249A619400ACF541 /* NotificationVC.swift in Sources */,
				B653B5ED2485612A0005446C /* Client.swift in Sources */,
				B653CB4324A23E0100F3A629 /* Goal+Convenience.swift in Sources */,
				B61D0CBA2491912B00BADBFF /* SixOnboardingViewController.swift in Sources */,
				B653B5F32486FBD70005446C /* DataScienceTransactionRepresentation.swift in Sources */,
				598B29FF23FF6D2A0038B698 /* UIViewController+Loading.swift in Sources */,
				B61D0CC62492E0DE00BADBFF /* CensusData+Convenience.swift in Sources */,
				59BAB9D423F361F900BF91F7 /* Error+Log.swift in Sources */,
				B653B5F1248590020005446C /* OnlineTransaction.swift in Sources */,
				5969C1F123E38D3200BAA183 /* CoreDataStack.swift in Sources */,
				B6502602249A61A900ACF541 /* BudgetBlocksVC.swift in Sources */,
				B65025D824981C8200ACF541 /* WelcomeOnboardingViewController.swift in Sources */,
				B65025E624993CAC00ACF541 /* CalenderDatasource.swift in Sources */,
				B64B163224918A46000D9656 /* CustomCell.swift in Sources */,
				B650C3DD249013C400DED736 /* FirstOnboardingViewController.swift in Sources */,
				B64B162E24904303000D9656 /* FourthOnboardingViewController.swift in Sources */,
				B61D0CC42492E03D00BADBFF /* CensusDataRepresentation.swift in Sources */,
				5955B89823DB59B800A24A8F /* AppDelegate.swift in Sources */,
				B61D0CC22492CEC000BADBFF /* CensusToPost.swift in Sources */,
				B622884A24802334009FF6E5 /* User+Convenience.swift in Sources */,
				B65025E424993C0400ACF541 /* BlocksDataSource.swift in Sources */,
				B64B16302491878B000D9656 /* FiveOnboardingViewController.swift in Sources */,
				B65025F32499751300ACF541 /* ChartCell.swift in Sources */,
				B61D0CBC249197E800BADBFF /* SevenOnboardingViewController.swift in Sources */,
				B6524F09249ACEE100F8F52C /* RegisteringUser.swift in Sources */,
				59D1550A23EB91DE003233C1 /* Int64+Currency.swift in Sources */,
				B6524F0B249AF74600F8F52C /* AnimationViewController.swift in Sources */,
				597E119723F310EF00E505C6 /* UIAlertController+Fix.swift in Sources */,
				5955B8A223DB59B800A24A8F /* Budget_Blocks.xcdatamodeld in Sources */,
				B61D0CCD2493C84A00BADBFF /* OptionCell.swift in Sources */,
				B65025FE249A5A9A00ACF541 /* ProfileVC.swift in Sources */,
				B65025F924997A3500ACF541 /* ActivityCell.swift in Sources */,
				B61D0CBE249286EB00BADBFF /* ThirdScrollViewOnboardingViewController.swift in Sources */,
				B65025DA2499071F00ACF541 /* DashboardViewController.swift in Sources */,
				B6948640249DA3D200B13459 /* BudgetBlockCell.swift in Sources */,
				5955B89A23DB59B800A24A8F /* SceneDelegate.swift in Sources */,
				B650C3DB248FF45000DED736 /* NativeSignUpViewController.swift in Sources */,
				B653B5F5248849130005446C /* NativeLoginViewController.swift in Sources */,
				B653CB3D24A23C7300F3A629 /* GoalRepresentation.swift in Sources */,
				5939B1F223DF5517003FB0E0 /* NetworkingController.swift in Sources */,
				B6228848248022EA009FF6E5 /* UserRepresentation.swift in Sources */,
				B653B5EF2485785D0005446C /* BankInfo.swift in Sources */,
				B65025DE24990E3900ACF541 /* BudgetScreen.swift in Sources */,
				B6458E422493DBA800791EA0 /* NinethOnboardingViewController.swift in Sources */,
			);
			runOnlyForDeploymentPostprocessing = 0;
		};
		5955B8A923DB59BB00A24A8F /* Sources */ = {
			isa = PBXSourcesBuildPhase;
			buildActionMask = 2147483647;
			files = (
				5939B1F723DF586E003FB0E0 /* NetworkingControllerTests.swift in Sources */,
			);
			runOnlyForDeploymentPostprocessing = 0;
		};
		5955B8B423DB59BB00A24A8F /* Sources */ = {
			isa = PBXSourcesBuildPhase;
			buildActionMask = 2147483647;
			files = (
				5955B8BD23DB59BB00A24A8F /* Budget_BlocksUITests.swift in Sources */,
			);
			runOnlyForDeploymentPostprocessing = 0;
		};
/* End PBXSourcesBuildPhase section */

/* Begin PBXTargetDependency section */
		5955B8AF23DB59BB00A24A8F /* PBXTargetDependency */ = {
			isa = PBXTargetDependency;
			target = 5955B89323DB59B800A24A8F /* Budget Blocks */;
			targetProxy = 5955B8AE23DB59BB00A24A8F /* PBXContainerItemProxy */;
		};
		5955B8BA23DB59BB00A24A8F /* PBXTargetDependency */ = {
			isa = PBXTargetDependency;
			target = 5955B89323DB59B800A24A8F /* Budget Blocks */;
			targetProxy = 5955B8B923DB59BB00A24A8F /* PBXContainerItemProxy */;
		};
/* End PBXTargetDependency section */

/* Begin PBXVariantGroup section */
		5955B89D23DB59B800A24A8F /* Main.storyboard */ = {
			isa = PBXVariantGroup;
			children = (
				5955B89E23DB59B800A24A8F /* Base */,
			);
			name = Main.storyboard;
			sourceTree = "<group>";
		};
		5955B8A523DB59BA00A24A8F /* LaunchScreen.storyboard */ = {
			isa = PBXVariantGroup;
			children = (
				5955B8A623DB59BA00A24A8F /* Base */,
			);
			name = LaunchScreen.storyboard;
			sourceTree = "<group>";
		};
/* End PBXVariantGroup section */

/* Begin XCBuildConfiguration section */
		5955B8BF23DB59BB00A24A8F /* Debug */ = {
			isa = XCBuildConfiguration;
			buildSettings = {
				ALWAYS_SEARCH_USER_PATHS = NO;
				CLANG_ANALYZER_NONNULL = YES;
				CLANG_ANALYZER_NUMBER_OBJECT_CONVERSION = YES_AGGRESSIVE;
				CLANG_CXX_LANGUAGE_STANDARD = "gnu++14";
				CLANG_CXX_LIBRARY = "libc++";
				CLANG_ENABLE_MODULES = YES;
				CLANG_ENABLE_OBJC_ARC = YES;
				CLANG_ENABLE_OBJC_WEAK = YES;
				CLANG_WARN_BLOCK_CAPTURE_AUTORELEASING = YES;
				CLANG_WARN_BOOL_CONVERSION = YES;
				CLANG_WARN_COMMA = YES;
				CLANG_WARN_CONSTANT_CONVERSION = YES;
				CLANG_WARN_DEPRECATED_OBJC_IMPLEMENTATIONS = YES;
				CLANG_WARN_DIRECT_OBJC_ISA_USAGE = YES_ERROR;
				CLANG_WARN_DOCUMENTATION_COMMENTS = YES;
				CLANG_WARN_EMPTY_BODY = YES;
				CLANG_WARN_ENUM_CONVERSION = YES;
				CLANG_WARN_INFINITE_RECURSION = YES;
				CLANG_WARN_INT_CONVERSION = YES;
				CLANG_WARN_NON_LITERAL_NULL_CONVERSION = YES;
				CLANG_WARN_OBJC_IMPLICIT_RETAIN_SELF = YES;
				CLANG_WARN_OBJC_LITERAL_CONVERSION = YES;
				CLANG_WARN_OBJC_ROOT_CLASS = YES_ERROR;
				CLANG_WARN_RANGE_LOOP_ANALYSIS = YES;
				CLANG_WARN_STRICT_PROTOTYPES = YES;
				CLANG_WARN_SUSPICIOUS_MOVE = YES;
				CLANG_WARN_UNGUARDED_AVAILABILITY = YES_AGGRESSIVE;
				CLANG_WARN_UNREACHABLE_CODE = YES;
				CLANG_WARN__DUPLICATE_METHOD_MATCH = YES;
				COPY_PHASE_STRIP = NO;
				DEBUG_INFORMATION_FORMAT = dwarf;
				ENABLE_STRICT_OBJC_MSGSEND = YES;
				ENABLE_TESTABILITY = YES;
				GCC_C_LANGUAGE_STANDARD = gnu11;
				GCC_DYNAMIC_NO_PIC = NO;
				GCC_NO_COMMON_BLOCKS = YES;
				GCC_OPTIMIZATION_LEVEL = 0;
				GCC_PREPROCESSOR_DEFINITIONS = (
					"DEBUG=1",
					"$(inherited)",
				);
				GCC_WARN_64_TO_32_BIT_CONVERSION = YES;
				GCC_WARN_ABOUT_RETURN_TYPE = YES_ERROR;
				GCC_WARN_UNDECLARED_SELECTOR = YES;
				GCC_WARN_UNINITIALIZED_AUTOS = YES_AGGRESSIVE;
				GCC_WARN_UNUSED_FUNCTION = YES;
				GCC_WARN_UNUSED_VARIABLE = YES;
				IPHONEOS_DEPLOYMENT_TARGET = 13.0;
				MTL_ENABLE_DEBUG_INFO = INCLUDE_SOURCE;
				MTL_FAST_MATH = YES;
				ONLY_ACTIVE_ARCH = YES;
				SDKROOT = iphoneos;
				SWIFT_ACTIVE_COMPILATION_CONDITIONS = DEBUG;
				SWIFT_OPTIMIZATION_LEVEL = "-Onone";
			};
			name = Debug;
		};
		5955B8C023DB59BB00A24A8F /* Release */ = {
			isa = XCBuildConfiguration;
			buildSettings = {
				ALWAYS_SEARCH_USER_PATHS = NO;
				CLANG_ANALYZER_NONNULL = YES;
				CLANG_ANALYZER_NUMBER_OBJECT_CONVERSION = YES_AGGRESSIVE;
				CLANG_CXX_LANGUAGE_STANDARD = "gnu++14";
				CLANG_CXX_LIBRARY = "libc++";
				CLANG_ENABLE_MODULES = YES;
				CLANG_ENABLE_OBJC_ARC = YES;
				CLANG_ENABLE_OBJC_WEAK = YES;
				CLANG_WARN_BLOCK_CAPTURE_AUTORELEASING = YES;
				CLANG_WARN_BOOL_CONVERSION = YES;
				CLANG_WARN_COMMA = YES;
				CLANG_WARN_CONSTANT_CONVERSION = YES;
				CLANG_WARN_DEPRECATED_OBJC_IMPLEMENTATIONS = YES;
				CLANG_WARN_DIRECT_OBJC_ISA_USAGE = YES_ERROR;
				CLANG_WARN_DOCUMENTATION_COMMENTS = YES;
				CLANG_WARN_EMPTY_BODY = YES;
				CLANG_WARN_ENUM_CONVERSION = YES;
				CLANG_WARN_INFINITE_RECURSION = YES;
				CLANG_WARN_INT_CONVERSION = YES;
				CLANG_WARN_NON_LITERAL_NULL_CONVERSION = YES;
				CLANG_WARN_OBJC_IMPLICIT_RETAIN_SELF = YES;
				CLANG_WARN_OBJC_LITERAL_CONVERSION = YES;
				CLANG_WARN_OBJC_ROOT_CLASS = YES_ERROR;
				CLANG_WARN_RANGE_LOOP_ANALYSIS = YES;
				CLANG_WARN_STRICT_PROTOTYPES = YES;
				CLANG_WARN_SUSPICIOUS_MOVE = YES;
				CLANG_WARN_UNGUARDED_AVAILABILITY = YES_AGGRESSIVE;
				CLANG_WARN_UNREACHABLE_CODE = YES;
				CLANG_WARN__DUPLICATE_METHOD_MATCH = YES;
				COPY_PHASE_STRIP = NO;
				DEBUG_INFORMATION_FORMAT = "dwarf-with-dsym";
				ENABLE_NS_ASSERTIONS = NO;
				ENABLE_STRICT_OBJC_MSGSEND = YES;
				GCC_C_LANGUAGE_STANDARD = gnu11;
				GCC_NO_COMMON_BLOCKS = YES;
				GCC_WARN_64_TO_32_BIT_CONVERSION = YES;
				GCC_WARN_ABOUT_RETURN_TYPE = YES_ERROR;
				GCC_WARN_UNDECLARED_SELECTOR = YES;
				GCC_WARN_UNINITIALIZED_AUTOS = YES_AGGRESSIVE;
				GCC_WARN_UNUSED_FUNCTION = YES;
				GCC_WARN_UNUSED_VARIABLE = YES;
				IPHONEOS_DEPLOYMENT_TARGET = 13.0;
				MTL_ENABLE_DEBUG_INFO = NO;
				MTL_FAST_MATH = YES;
				SDKROOT = iphoneos;
				SWIFT_COMPILATION_MODE = wholemodule;
				SWIFT_OPTIMIZATION_LEVEL = "-O";
				VALIDATE_PRODUCT = YES;
			};
			name = Release;
		};
		5955B8C223DB59BB00A24A8F /* Debug */ = {
			isa = XCBuildConfiguration;
			buildSettings = {
				ASSETCATALOG_COMPILER_APPICON_NAME = AppIcon;
				CODE_SIGN_STYLE = Automatic;
				DEVELOPMENT_TEAM = 4939K9623X;
				FRAMEWORK_SEARCH_PATHS = "$(PROJECT_DIR)/../Carthage/Build/iOS";
				INFOPLIST_FILE = "Budget Blocks/Resources/Info.plist";
				IPHONEOS_DEPLOYMENT_TARGET = 13.0;
				LD_RUNPATH_SEARCH_PATHS = (
					"$(inherited)",
					"@executable_path/Frameworks",
				);
				PRODUCT_BUNDLE_IDENTIFIER = "vc.isv.Budget-Blocks";
				PRODUCT_NAME = "$(TARGET_NAME)";
				SWIFT_VERSION = 5.0;
				TARGETED_DEVICE_FAMILY = 1;
			};
			name = Debug;
		};
		5955B8C323DB59BB00A24A8F /* Release */ = {
			isa = XCBuildConfiguration;
			buildSettings = {
				ASSETCATALOG_COMPILER_APPICON_NAME = AppIcon;
				CODE_SIGN_STYLE = Automatic;
				DEVELOPMENT_TEAM = 4939K9623X;
				FRAMEWORK_SEARCH_PATHS = "$(PROJECT_DIR)/../Carthage/Build/iOS";
				INFOPLIST_FILE = "Budget Blocks/Resources/Info.plist";
				IPHONEOS_DEPLOYMENT_TARGET = 13.0;
				LD_RUNPATH_SEARCH_PATHS = (
					"$(inherited)",
					"@executable_path/Frameworks",
				);
				PRODUCT_BUNDLE_IDENTIFIER = "vc.isv.Budget-Blocks";
				PRODUCT_NAME = "$(TARGET_NAME)";
				SWIFT_VERSION = 5.0;
				TARGETED_DEVICE_FAMILY = 1;
			};
			name = Release;
		};
		5955B8C523DB59BB00A24A8F /* Debug */ = {
			isa = XCBuildConfiguration;
			buildSettings = {
				ALWAYS_EMBED_SWIFT_STANDARD_LIBRARIES = YES;
				BUNDLE_LOADER = "$(TEST_HOST)";
				CODE_SIGN_STYLE = Automatic;
				DEVELOPMENT_TEAM = A4525544Q4;
				INFOPLIST_FILE = "Budget BlocksTests/Info.plist";
				IPHONEOS_DEPLOYMENT_TARGET = 13.2;
				LD_RUNPATH_SEARCH_PATHS = (
					"$(inherited)",
					"@executable_path/Frameworks",
					"@loader_path/Frameworks",
				);
				PRODUCT_BUNDLE_IDENTIFIER = "vc.isv.Budget-BlocksTests";
				PRODUCT_NAME = "$(TARGET_NAME)";
				SWIFT_VERSION = 5.0;
				TARGETED_DEVICE_FAMILY = "1,2";
				TEST_HOST = "$(BUILT_PRODUCTS_DIR)/Budget Blocks.app/Budget Blocks";
			};
			name = Debug;
		};
		5955B8C623DB59BB00A24A8F /* Release */ = {
			isa = XCBuildConfiguration;
			buildSettings = {
				ALWAYS_EMBED_SWIFT_STANDARD_LIBRARIES = YES;
				BUNDLE_LOADER = "$(TEST_HOST)";
				CODE_SIGN_STYLE = Automatic;
				DEVELOPMENT_TEAM = A4525544Q4;
				INFOPLIST_FILE = "Budget BlocksTests/Info.plist";
				IPHONEOS_DEPLOYMENT_TARGET = 13.2;
				LD_RUNPATH_SEARCH_PATHS = (
					"$(inherited)",
					"@executable_path/Frameworks",
					"@loader_path/Frameworks",
				);
				PRODUCT_BUNDLE_IDENTIFIER = "vc.isv.Budget-BlocksTests";
				PRODUCT_NAME = "$(TARGET_NAME)";
				SWIFT_VERSION = 5.0;
				TARGETED_DEVICE_FAMILY = "1,2";
				TEST_HOST = "$(BUILT_PRODUCTS_DIR)/Budget Blocks.app/Budget Blocks";
			};
			name = Release;
		};
		5955B8C823DB59BB00A24A8F /* Debug */ = {
			isa = XCBuildConfiguration;
			buildSettings = {
				ALWAYS_EMBED_SWIFT_STANDARD_LIBRARIES = YES;
				CODE_SIGN_STYLE = Automatic;
				DEVELOPMENT_TEAM = A4525544Q4;
				INFOPLIST_FILE = "Budget BlocksUITests/Info.plist";
				LD_RUNPATH_SEARCH_PATHS = (
					"$(inherited)",
					"@executable_path/Frameworks",
					"@loader_path/Frameworks",
				);
				PRODUCT_BUNDLE_IDENTIFIER = "vc.isv.Budget-BlocksUITests";
				PRODUCT_NAME = "$(TARGET_NAME)";
				SWIFT_VERSION = 5.0;
				TARGETED_DEVICE_FAMILY = "1,2";
				TEST_TARGET_NAME = "Budget Blocks";
			};
			name = Debug;
		};
		5955B8C923DB59BB00A24A8F /* Release */ = {
			isa = XCBuildConfiguration;
			buildSettings = {
				ALWAYS_EMBED_SWIFT_STANDARD_LIBRARIES = YES;
				CODE_SIGN_STYLE = Automatic;
				DEVELOPMENT_TEAM = A4525544Q4;
				INFOPLIST_FILE = "Budget BlocksUITests/Info.plist";
				LD_RUNPATH_SEARCH_PATHS = (
					"$(inherited)",
					"@executable_path/Frameworks",
					"@loader_path/Frameworks",
				);
				PRODUCT_BUNDLE_IDENTIFIER = "vc.isv.Budget-BlocksUITests";
				PRODUCT_NAME = "$(TARGET_NAME)";
				SWIFT_VERSION = 5.0;
				TARGETED_DEVICE_FAMILY = "1,2";
				TEST_TARGET_NAME = "Budget Blocks";
			};
			name = Release;
		};
/* End XCBuildConfiguration section */

/* Begin XCConfigurationList section */
		5955B88F23DB59B800A24A8F /* Build configuration list for PBXProject "Budget Blocks" */ = {
			isa = XCConfigurationList;
			buildConfigurations = (
				5955B8BF23DB59BB00A24A8F /* Debug */,
				5955B8C023DB59BB00A24A8F /* Release */,
			);
			defaultConfigurationIsVisible = 0;
			defaultConfigurationName = Release;
		};
		5955B8C123DB59BB00A24A8F /* Build configuration list for PBXNativeTarget "Budget Blocks" */ = {
			isa = XCConfigurationList;
			buildConfigurations = (
				5955B8C223DB59BB00A24A8F /* Debug */,
				5955B8C323DB59BB00A24A8F /* Release */,
			);
			defaultConfigurationIsVisible = 0;
			defaultConfigurationName = Release;
		};
		5955B8C423DB59BB00A24A8F /* Build configuration list for PBXNativeTarget "Budget BlocksTests" */ = {
			isa = XCConfigurationList;
			buildConfigurations = (
				5955B8C523DB59BB00A24A8F /* Debug */,
				5955B8C623DB59BB00A24A8F /* Release */,
			);
			defaultConfigurationIsVisible = 0;
			defaultConfigurationName = Release;
		};
		5955B8C723DB59BB00A24A8F /* Build configuration list for PBXNativeTarget "Budget BlocksUITests" */ = {
			isa = XCConfigurationList;
			buildConfigurations = (
				5955B8C823DB59BB00A24A8F /* Debug */,
				5955B8C923DB59BB00A24A8F /* Release */,
			);
			defaultConfigurationIsVisible = 0;
			defaultConfigurationName = Release;
		};
/* End XCConfigurationList section */

/* Begin XCRemoteSwiftPackageReference section */
		5939B1F323DF55F3003FB0E0 /* XCRemoteSwiftPackageReference "SwiftyJSON" */ = {
			isa = XCRemoteSwiftPackageReference;
			repositoryURL = "https://github.com/SwiftyJSON/SwiftyJSON.git";
			requirement = {
				kind = upToNextMajorVersion;
				minimumVersion = 5.0.0;
			};
		};
		598B29F723FD994D0038B698 /* XCRemoteSwiftPackageReference "keychain-swift" */ = {
			isa = XCRemoteSwiftPackageReference;
			repositoryURL = "https://github.com/evgenyneu/keychain-swift.git";
			requirement = {
				kind = upToNextMajorVersion;
				minimumVersion = 19.0.0;
			};
		};
		B6524F0C249AF92E00F8F52C /* XCRemoteSwiftPackageReference "lottie-ios" */ = {
			isa = XCRemoteSwiftPackageReference;
			repositoryURL = "https://github.com/airbnb/lottie-ios.git";
			requirement = {
				kind = upToNextMajorVersion;
				minimumVersion = 3.1.8;
			};
		};
		B653B601248875AE0005446C /* XCRemoteSwiftPackageReference "SVProgressHUD" */ = {
			isa = XCRemoteSwiftPackageReference;
			repositoryURL = "https://github.com/epitonium/SVProgressHUD.git";
			requirement = {
				kind = upToNextMajorVersion;
				minimumVersion = 1.0.0;
			};
		};
/* End XCRemoteSwiftPackageReference section */

/* Begin XCSwiftPackageProductDependency section */
		5939B1F423DF55F3003FB0E0 /* SwiftyJSON */ = {
			isa = XCSwiftPackageProductDependency;
			package = 5939B1F323DF55F3003FB0E0 /* XCRemoteSwiftPackageReference "SwiftyJSON" */;
			productName = SwiftyJSON;
		};
		598B29F823FD994D0038B698 /* KeychainSwift */ = {
			isa = XCSwiftPackageProductDependency;
			package = 598B29F723FD994D0038B698 /* XCRemoteSwiftPackageReference "keychain-swift" */;
			productName = KeychainSwift;
		};
		B622884F2482DAF2009FF6E5 /* Charts */ = {
			isa = XCSwiftPackageProductDependency;
			productName = Charts;
		};
		B6524F0D249AF92E00F8F52C /* Lottie */ = {
			isa = XCSwiftPackageProductDependency;
			package = B6524F0C249AF92E00F8F52C /* XCRemoteSwiftPackageReference "lottie-ios" */;
			productName = Lottie;
		};
		B653B602248875AE0005446C /* SVProgressHUD */ = {
			isa = XCSwiftPackageProductDependency;
			package = B653B601248875AE0005446C /* XCRemoteSwiftPackageReference "SVProgressHUD" */;
			productName = SVProgressHUD;
		};
/* End XCSwiftPackageProductDependency section */

/* Begin XCVersionGroup section */
		5955B8A023DB59B800A24A8F /* Budget_Blocks.xcdatamodeld */ = {
			isa = XCVersionGroup;
			children = (
				B6D175EF24A14F5000DF6F36 /* Budget_Blocks 3.xcdatamodel */,
				B6F0230C24733836004FE006 /* Budget_Blocks 2.xcdatamodel */,
				5955B8A123DB59B800A24A8F /* Budget_Blocks.xcdatamodel */,
			);
			currentVersion = B6D175EF24A14F5000DF6F36 /* Budget_Blocks 3.xcdatamodel */;
			path = Budget_Blocks.xcdatamodeld;
			sourceTree = "<group>";
			versionGroupType = wrapper.xcdatamodel;
		};
/* End XCVersionGroup section */
	};
	rootObject = 5955B88C23DB59B800A24A8F /* Project object */;
}
