// !$*UTF8*$!
{
	archiveVersion = 1;
	classes = {
	};
	objectVersion = 52;
	objects = {

/* Begin PBXBuildFile section */
		590B3A5123FC554F0058D236 /* TransactionTableViewCell.swift in Sources */ = {isa = PBXBuildFile; fileRef = 590B3A5023FC554F0058D236 /* TransactionTableViewCell.swift */; };
		590B3A5323FC63B50058D236 /* CreateTransactionViewController.swift in Sources */ = {isa = PBXBuildFile; fileRef = 590B3A5223FC63B50058D236 /* CreateTransactionViewController.swift */; };
		590B3A5523FC846C0058D236 /* CategoriesTableViewController.swift in Sources */ = {isa = PBXBuildFile; fileRef = 590B3A5423FC846C0058D236 /* CategoriesTableViewController.swift */; };
		592B3CAE23F1CBC90035FF3A /* CategoryTableViewCell.swift in Sources */ = {isa = PBXBuildFile; fileRef = 592B3CAD23F1CBC90035FF3A /* CategoryTableViewCell.swift */; };
		592B3CB223F2132F0035FF3A /* BlocksViewController.swift in Sources */ = {isa = PBXBuildFile; fileRef = 592B3CB123F2132F0035FF3A /* BlocksViewController.swift */; };
		592B3CB423F2441E0035FF3A /* BudgetTableViewCell.swift in Sources */ = {isa = PBXBuildFile; fileRef = 592B3CB323F2441E0035FF3A /* BudgetTableViewCell.swift */; };
		592B3CB623F2539E0035FF3A /* UIKit+Font.swift in Sources */ = {isa = PBXBuildFile; fileRef = 592B3CB523F2539E0035FF3A /* UIKit+Font.swift */; };
		592B3CB823F25A950035FF3A /* Exo-SemiBold.otf in Resources */ = {isa = PBXBuildFile; fileRef = 592B3CB723F2594C0035FF3A /* Exo-SemiBold.otf */; };
		5939B1F223DF5517003FB0E0 /* NetworkingController.swift in Sources */ = {isa = PBXBuildFile; fileRef = 5939B1F123DF5517003FB0E0 /* NetworkingController.swift */; };
		5939B1F523DF55F3003FB0E0 /* SwiftyJSON in Frameworks */ = {isa = PBXBuildFile; productRef = 5939B1F423DF55F3003FB0E0 /* SwiftyJSON */; };
		5939B1F723DF586E003FB0E0 /* NetworkingControllerTests.swift in Sources */ = {isa = PBXBuildFile; fileRef = 5939B1F623DF586D003FB0E0 /* NetworkingControllerTests.swift */; };
		593D45EE23E8E196007E8404 /* DashboardTableViewController.swift in Sources */ = {isa = PBXBuildFile; fileRef = 593D45ED23E8E196007E8404 /* DashboardTableViewController.swift */; };
		5943B3F023E491DD0050866D /* SquadaOne-Regular.ttf in Resources */ = {isa = PBXBuildFile; fileRef = 5943B3EF23E491DD0050866D /* SquadaOne-Regular.ttf */; };
		5943B3F223E498600050866D /* Exo-Regular.otf in Resources */ = {isa = PBXBuildFile; fileRef = 5943B3F123E498600050866D /* Exo-Regular.otf */; };
		5955B89823DB59B800A24A8F /* AppDelegate.swift in Sources */ = {isa = PBXBuildFile; fileRef = 5955B89723DB59B800A24A8F /* AppDelegate.swift */; };
		5955B89A23DB59B800A24A8F /* SceneDelegate.swift in Sources */ = {isa = PBXBuildFile; fileRef = 5955B89923DB59B800A24A8F /* SceneDelegate.swift */; };
		5955B89F23DB59B800A24A8F /* Main.storyboard in Resources */ = {isa = PBXBuildFile; fileRef = 5955B89D23DB59B800A24A8F /* Main.storyboard */; };
		5955B8A223DB59B800A24A8F /* Budget_Blocks.xcdatamodeld in Sources */ = {isa = PBXBuildFile; fileRef = 5955B8A023DB59B800A24A8F /* Budget_Blocks.xcdatamodeld */; };
		5955B8A423DB59BA00A24A8F /* Assets.xcassets in Resources */ = {isa = PBXBuildFile; fileRef = 5955B8A323DB59BA00A24A8F /* Assets.xcassets */; };
		5955B8A723DB59BA00A24A8F /* LaunchScreen.storyboard in Resources */ = {isa = PBXBuildFile; fileRef = 5955B8A523DB59BA00A24A8F /* LaunchScreen.storyboard */; };
		5955B8BD23DB59BB00A24A8F /* Budget_BlocksUITests.swift in Sources */ = {isa = PBXBuildFile; fileRef = 5955B8BC23DB59BB00A24A8F /* Budget_BlocksUITests.swift */; };
		5967964223DFC1FD0062F794 /* WelcomeViewController.swift in Sources */ = {isa = PBXBuildFile; fileRef = 5967964123DFC1FD0062F794 /* WelcomeViewController.swift */; };
		5967964423DFC8520062F794 /* LoginViewController.swift in Sources */ = {isa = PBXBuildFile; fileRef = 5967964323DFC8520062F794 /* LoginViewController.swift */; };
		5969C1EE23E239C000BAA183 /* Bearer.swift in Sources */ = {isa = PBXBuildFile; fileRef = 5969C1ED23E239C000BAA183 /* Bearer.swift */; };
		5969C1F123E38D3200BAA183 /* CoreDataStack.swift in Sources */ = {isa = PBXBuildFile; fileRef = 5969C1F023E38D3200BAA183 /* CoreDataStack.swift */; };
		5969C1F323E38EBF00BAA183 /* Budget_Blocks+Convenience.swift in Sources */ = {isa = PBXBuildFile; fileRef = 5969C1F223E38EBF00BAA183 /* Budget_Blocks+Convenience.swift */; };
		5969C1F623E3904400BAA183 /* TransactionController.swift in Sources */ = {isa = PBXBuildFile; fileRef = 5969C1F523E3904400BAA183 /* TransactionController.swift */; };
		5969C1F823E39BDE00BAA183 /* TransactionsViewController.swift in Sources */ = {isa = PBXBuildFile; fileRef = 5969C1F723E39BDE00BAA183 /* TransactionsViewController.swift */; };
		596C10FD23E0E09F003DF1D8 /* LinkKit.framework in Frameworks */ = {isa = PBXBuildFile; fileRef = 596C10FC23E0E09F003DF1D8 /* LinkKit.framework */; };
		596C10FE23E0E09F003DF1D8 /* LinkKit.framework in Embed Frameworks */ = {isa = PBXBuildFile; fileRef = 596C10FC23E0E09F003DF1D8 /* LinkKit.framework */; settings = {ATTRIBUTES = (CodeSignOnCopy, RemoveHeadersOnCopy, ); }; };
		597E119723F310EF00E505C6 /* UIAlertController+Fix.swift in Sources */ = {isa = PBXBuildFile; fileRef = 597E119623F310EF00E505C6 /* UIAlertController+Fix.swift */; };
		598B29F923FD994D0038B698 /* KeychainSwift in Frameworks */ = {isa = PBXBuildFile; productRef = 598B29F823FD994D0038B698 /* KeychainSwift */; };
		598B29FB23FDB9FA0038B698 /* Bool+Int.swift in Sources */ = {isa = PBXBuildFile; fileRef = 598B29FA23FDB9FA0038B698 /* Bool+Int.swift */; };
		598B29FD23FDDC7A0038B698 /* OnboardingViewController.swift in Sources */ = {isa = PBXBuildFile; fileRef = 598B29FC23FDDC7A0038B698 /* OnboardingViewController.swift */; };
		598B29FF23FF6D2A0038B698 /* UIViewController+Loading.swift in Sources */ = {isa = PBXBuildFile; fileRef = 598B29FE23FF6D290038B698 /* UIViewController+Loading.swift */; };
		59BAB9D423F361F900BF91F7 /* Error+Log.swift in Sources */ = {isa = PBXBuildFile; fileRef = 59BAB9D323F361F900BF91F7 /* Error+Log.swift */; };
		59D1550723EB8D57003233C1 /* DashboardTableViewCell.swift in Sources */ = {isa = PBXBuildFile; fileRef = 59D1550623EB8D57003233C1 /* DashboardTableViewCell.swift */; };
		59D1550A23EB91DE003233C1 /* Int64+Currency.swift in Sources */ = {isa = PBXBuildFile; fileRef = 59D1550923EB91DE003233C1 /* Int64+Currency.swift */; };
		59EA3C442408435E000A7601 /* Notifications.swift in Sources */ = {isa = PBXBuildFile; fileRef = 59EA3C432408435E000A7601 /* Notifications.swift */; };
		59EA3C4824084A38000A7601 /* LinkKit.framework in Frameworks */ = {isa = PBXBuildFile; fileRef = 596C10FC23E0E09F003DF1D8 /* LinkKit.framework */; platformFilter = ios; };
		59EA3C4B24084A8A000A7601 /* LinkKit.framework in CopyFiles */ = {isa = PBXBuildFile; fileRef = 596C10FC23E0E09F003DF1D8 /* LinkKit.framework */; platformFilter = ios; settings = {ATTRIBUTES = (CodeSignOnCopy, RemoveHeadersOnCopy, ); }; };
/* End PBXBuildFile section */

/* Begin PBXContainerItemProxy section */
		5955B8AE23DB59BB00A24A8F /* PBXContainerItemProxy */ = {
			isa = PBXContainerItemProxy;
			containerPortal = 5955B88C23DB59B800A24A8F /* Project object */;
			proxyType = 1;
			remoteGlobalIDString = 5955B89323DB59B800A24A8F;
			remoteInfo = "Budget Blocks";
		};
		5955B8B923DB59BB00A24A8F /* PBXContainerItemProxy */ = {
			isa = PBXContainerItemProxy;
			containerPortal = 5955B88C23DB59B800A24A8F /* Project object */;
			proxyType = 1;
			remoteGlobalIDString = 5955B89323DB59B800A24A8F;
			remoteInfo = "Budget Blocks";
		};
/* End PBXContainerItemProxy section */

/* Begin PBXCopyFilesBuildPhase section */
		596C10FF23E0E09F003DF1D8 /* Embed Frameworks */ = {
			isa = PBXCopyFilesBuildPhase;
			buildActionMask = 2147483647;
			dstPath = "";
			dstSubfolderSpec = 10;
			files = (
				596C10FE23E0E09F003DF1D8 /* LinkKit.framework in Embed Frameworks */,
			);
			name = "Embed Frameworks";
			runOnlyForDeploymentPostprocessing = 0;
		};
		59EA3C4A24084A85000A7601 /* CopyFiles */ = {
			isa = PBXCopyFilesBuildPhase;
			buildActionMask = 2147483647;
			dstPath = "";
			dstSubfolderSpec = 10;
			files = (
				59EA3C4B24084A8A000A7601 /* LinkKit.framework in CopyFiles */,
			);
			runOnlyForDeploymentPostprocessing = 0;
		};
/* End PBXCopyFilesBuildPhase section */

/* Begin PBXFileReference section */
		590B3A5023FC554F0058D236 /* TransactionTableViewCell.swift */ = {isa = PBXFileReference; lastKnownFileType = sourcecode.swift; path = TransactionTableViewCell.swift; sourceTree = "<group>"; };
		590B3A5223FC63B50058D236 /* CreateTransactionViewController.swift */ = {isa = PBXFileReference; lastKnownFileType = sourcecode.swift; path = CreateTransactionViewController.swift; sourceTree = "<group>"; };
		590B3A5423FC846C0058D236 /* CategoriesTableViewController.swift */ = {isa = PBXFileReference; lastKnownFileType = sourcecode.swift; path = CategoriesTableViewController.swift; sourceTree = "<group>"; };
		592B3CAD23F1CBC90035FF3A /* CategoryTableViewCell.swift */ = {isa = PBXFileReference; lastKnownFileType = sourcecode.swift; path = CategoryTableViewCell.swift; sourceTree = "<group>"; };
		592B3CB123F2132F0035FF3A /* BlocksViewController.swift */ = {isa = PBXFileReference; lastKnownFileType = sourcecode.swift; path = BlocksViewController.swift; sourceTree = "<group>"; };
		592B3CB323F2441E0035FF3A /* BudgetTableViewCell.swift */ = {isa = PBXFileReference; lastKnownFileType = sourcecode.swift; path = BudgetTableViewCell.swift; sourceTree = "<group>"; };
		592B3CB523F2539E0035FF3A /* UIKit+Font.swift */ = {isa = PBXFileReference; lastKnownFileType = sourcecode.swift; path = "UIKit+Font.swift"; sourceTree = "<group>"; };
		592B3CB723F2594C0035FF3A /* Exo-SemiBold.otf */ = {isa = PBXFileReference; lastKnownFileType = file; path = "Exo-SemiBold.otf"; sourceTree = "<group>"; };
		5939B1F123DF5517003FB0E0 /* NetworkingController.swift */ = {isa = PBXFileReference; lastKnownFileType = sourcecode.swift; path = NetworkingController.swift; sourceTree = "<group>"; };
		5939B1F623DF586D003FB0E0 /* NetworkingControllerTests.swift */ = {isa = PBXFileReference; lastKnownFileType = sourcecode.swift; path = NetworkingControllerTests.swift; sourceTree = "<group>"; };
		593D45ED23E8E196007E8404 /* DashboardTableViewController.swift */ = {isa = PBXFileReference; lastKnownFileType = sourcecode.swift; path = DashboardTableViewController.swift; sourceTree = "<group>"; };
		5943B3EF23E491DD0050866D /* SquadaOne-Regular.ttf */ = {isa = PBXFileReference; lastKnownFileType = file; path = "SquadaOne-Regular.ttf"; sourceTree = "<group>"; };
		5943B3F123E498600050866D /* Exo-Regular.otf */ = {isa = PBXFileReference; lastKnownFileType = file; path = "Exo-Regular.otf"; sourceTree = "<group>"; };
		5955B89423DB59B800A24A8F /* Budget Blocks.app */ = {isa = PBXFileReference; explicitFileType = wrapper.application; includeInIndex = 0; path = "Budget Blocks.app"; sourceTree = BUILT_PRODUCTS_DIR; };
		5955B89723DB59B800A24A8F /* AppDelegate.swift */ = {isa = PBXFileReference; lastKnownFileType = sourcecode.swift; path = AppDelegate.swift; sourceTree = "<group>"; };
		5955B89923DB59B800A24A8F /* SceneDelegate.swift */ = {isa = PBXFileReference; lastKnownFileType = sourcecode.swift; path = SceneDelegate.swift; sourceTree = "<group>"; };
		5955B89E23DB59B800A24A8F /* Base */ = {isa = PBXFileReference; lastKnownFileType = file.storyboard; name = Base; path = Base.lproj/Main.storyboard; sourceTree = "<group>"; };
		5955B8A123DB59B800A24A8F /* Budget_Blocks.xcdatamodel */ = {isa = PBXFileReference; lastKnownFileType = wrapper.xcdatamodel; path = Budget_Blocks.xcdatamodel; sourceTree = "<group>"; };
		5955B8A323DB59BA00A24A8F /* Assets.xcassets */ = {isa = PBXFileReference; lastKnownFileType = folder.assetcatalog; path = Assets.xcassets; sourceTree = "<group>"; };
		5955B8A623DB59BA00A24A8F /* Base */ = {isa = PBXFileReference; lastKnownFileType = file.storyboard; name = Base; path = Base.lproj/LaunchScreen.storyboard; sourceTree = "<group>"; };
		5955B8A823DB59BA00A24A8F /* Info.plist */ = {isa = PBXFileReference; lastKnownFileType = text.plist.xml; path = Info.plist; sourceTree = "<group>"; };
		5955B8AD23DB59BB00A24A8F /* Budget BlocksTests.xctest */ = {isa = PBXFileReference; explicitFileType = wrapper.cfbundle; includeInIndex = 0; path = "Budget BlocksTests.xctest"; sourceTree = BUILT_PRODUCTS_DIR; };
		5955B8B323DB59BB00A24A8F /* Info.plist */ = {isa = PBXFileReference; lastKnownFileType = text.plist.xml; path = Info.plist; sourceTree = "<group>"; };
		5955B8B823DB59BB00A24A8F /* Budget BlocksUITests.xctest */ = {isa = PBXFileReference; explicitFileType = wrapper.cfbundle; includeInIndex = 0; path = "Budget BlocksUITests.xctest"; sourceTree = BUILT_PRODUCTS_DIR; };
		5955B8BC23DB59BB00A24A8F /* Budget_BlocksUITests.swift */ = {isa = PBXFileReference; lastKnownFileType = sourcecode.swift; path = Budget_BlocksUITests.swift; sourceTree = "<group>"; };
		5955B8BE23DB59BB00A24A8F /* Info.plist */ = {isa = PBXFileReference; lastKnownFileType = text.plist.xml; path = Info.plist; sourceTree = "<group>"; };
		5967964123DFC1FD0062F794 /* WelcomeViewController.swift */ = {isa = PBXFileReference; fileEncoding = 4; lastKnownFileType = sourcecode.swift; path = WelcomeViewController.swift; sourceTree = "<group>"; };
		5967964323DFC8520062F794 /* LoginViewController.swift */ = {isa = PBXFileReference; lastKnownFileType = sourcecode.swift; path = LoginViewController.swift; sourceTree = "<group>"; };
		5969C1ED23E239C000BAA183 /* Bearer.swift */ = {isa = PBXFileReference; lastKnownFileType = sourcecode.swift; path = Bearer.swift; sourceTree = "<group>"; };
		5969C1F023E38D3200BAA183 /* CoreDataStack.swift */ = {isa = PBXFileReference; lastKnownFileType = sourcecode.swift; path = CoreDataStack.swift; sourceTree = "<group>"; };
		5969C1F223E38EBF00BAA183 /* Budget_Blocks+Convenience.swift */ = {isa = PBXFileReference; lastKnownFileType = sourcecode.swift; path = "Budget_Blocks+Convenience.swift"; sourceTree = "<group>"; };
		5969C1F523E3904400BAA183 /* TransactionController.swift */ = {isa = PBXFileReference; lastKnownFileType = sourcecode.swift; path = TransactionController.swift; sourceTree = "<group>"; };
		5969C1F723E39BDE00BAA183 /* TransactionsViewController.swift */ = {isa = PBXFileReference; lastKnownFileType = sourcecode.swift; path = TransactionsViewController.swift; sourceTree = "<group>"; };
		596C10FC23E0E09F003DF1D8 /* LinkKit.framework */ = {isa = PBXFileReference; lastKnownFileType = wrapper.framework; name = LinkKit.framework; path = ../Carthage/Build/iOS/LinkKit.framework; sourceTree = "<group>"; };
		597E119623F310EF00E505C6 /* UIAlertController+Fix.swift */ = {isa = PBXFileReference; lastKnownFileType = sourcecode.swift; path = "UIAlertController+Fix.swift"; sourceTree = "<group>"; };
		598B29FA23FDB9FA0038B698 /* Bool+Int.swift */ = {isa = PBXFileReference; lastKnownFileType = sourcecode.swift; path = "Bool+Int.swift"; sourceTree = "<group>"; };
		598B29FC23FDDC7A0038B698 /* OnboardingViewController.swift */ = {isa = PBXFileReference; lastKnownFileType = sourcecode.swift; path = OnboardingViewController.swift; sourceTree = "<group>"; };
		598B29FE23FF6D290038B698 /* UIViewController+Loading.swift */ = {isa = PBXFileReference; lastKnownFileType = sourcecode.swift; path = "UIViewController+Loading.swift"; sourceTree = "<group>"; };
		59BAB9D323F361F900BF91F7 /* Error+Log.swift */ = {isa = PBXFileReference; lastKnownFileType = sourcecode.swift; path = "Error+Log.swift"; sourceTree = "<group>"; };
		59D1550623EB8D57003233C1 /* DashboardTableViewCell.swift */ = {isa = PBXFileReference; lastKnownFileType = sourcecode.swift; path = DashboardTableViewCell.swift; sourceTree = "<group>"; };
		59D1550923EB91DE003233C1 /* Int64+Currency.swift */ = {isa = PBXFileReference; lastKnownFileType = sourcecode.swift; path = "Int64+Currency.swift"; sourceTree = "<group>"; };
		59EA3C432408435E000A7601 /* Notifications.swift */ = {isa = PBXFileReference; lastKnownFileType = sourcecode.swift; path = Notifications.swift; sourceTree = "<group>"; };
/* End PBXFileReference section */

/* Begin PBXFrameworksBuildPhase section */
		5955B89123DB59B800A24A8F /* Frameworks */ = {
			isa = PBXFrameworksBuildPhase;
			buildActionMask = 2147483647;
			files = (
				598B29F923FD994D0038B698 /* KeychainSwift in Frameworks */,
				5939B1F523DF55F3003FB0E0 /* SwiftyJSON in Frameworks */,
				596C10FD23E0E09F003DF1D8 /* LinkKit.framework in Frameworks */,
			);
			runOnlyForDeploymentPostprocessing = 0;
		};
		5955B8AA23DB59BB00A24A8F /* Frameworks */ = {
			isa = PBXFrameworksBuildPhase;
			buildActionMask = 2147483647;
			files = (
			);
			runOnlyForDeploymentPostprocessing = 0;
		};
		5955B8B523DB59BB00A24A8F /* Frameworks */ = {
			isa = PBXFrameworksBuildPhase;
			buildActionMask = 2147483647;
			files = (
				59EA3C4824084A38000A7601 /* LinkKit.framework in Frameworks */,
			);
			runOnlyForDeploymentPostprocessing = 0;
		};
/* End PBXFrameworksBuildPhase section */

/* Begin PBXGroup section */
		5939B1F023DF54E4003FB0E0 /* Networking */ = {
			isa = PBXGroup;
			children = (
				5939B1F123DF5517003FB0E0 /* NetworkingController.swift */,
				5969C1ED23E239C000BAA183 /* Bearer.swift */,
			);
			path = Networking;
			sourceTree = "<group>";
		};
		5943B3EE23E491A10050866D /* Fonts */ = {
			isa = PBXGroup;
			children = (
				5943B3EF23E491DD0050866D /* SquadaOne-Regular.ttf */,
				5943B3F123E498600050866D /* Exo-Regular.otf */,
				592B3CB723F2594C0035FF3A /* Exo-SemiBold.otf */,
			);
			path = Fonts;
			sourceTree = "<group>";
		};
		5955B88B23DB59B800A24A8F = {
			isa = PBXGroup;
			children = (
				5955B89623DB59B800A24A8F /* Budget Blocks */,
				5955B8B023DB59BB00A24A8F /* Budget BlocksTests */,
				5955B8BB23DB59BB00A24A8F /* Budget BlocksUITests */,
				5955B89523DB59B800A24A8F /* Products */,
				596C10FB23E0E09F003DF1D8 /* Frameworks */,
			);
			sourceTree = "<group>";
		};
		5955B89523DB59B800A24A8F /* Products */ = {
			isa = PBXGroup;
			children = (
				5955B89423DB59B800A24A8F /* Budget Blocks.app */,
				5955B8AD23DB59BB00A24A8F /* Budget BlocksTests.xctest */,
				5955B8B823DB59BB00A24A8F /* Budget BlocksUITests.xctest */,
			);
			name = Products;
			sourceTree = "<group>";
		};
		5955B89623DB59B800A24A8F /* Budget Blocks */ = {
			isa = PBXGroup;
			children = (
				5955B89723DB59B800A24A8F /* AppDelegate.swift */,
				5955B89923DB59B800A24A8F /* SceneDelegate.swift */,
				5969C1EF23E38CC800BAA183 /* Model */,
				5969C1F423E3903400BAA183 /* Model Controllers */,
				5967964023DFC1C70062F794 /* View Controllers */,
				59D1550523EB8D3F003233C1 /* Views */,
				5939B1F023DF54E4003FB0E0 /* Networking */,
				5955B89D23DB59B800A24A8F /* Main.storyboard */,
				5955B8A323DB59BA00A24A8F /* Assets.xcassets */,
				5955B8A523DB59BA00A24A8F /* LaunchScreen.storyboard */,
				5955B8A823DB59BA00A24A8F /* Info.plist */,
				59D1550823EB91BD003233C1 /* Helpers */,
				5943B3EE23E491A10050866D /* Fonts */,
			);
			path = "Budget Blocks";
			sourceTree = "<group>";
		};
		5955B8B023DB59BB00A24A8F /* Budget BlocksTests */ = {
			isa = PBXGroup;
			children = (
				5955B8B323DB59BB00A24A8F /* Info.plist */,
				5939B1F623DF586D003FB0E0 /* NetworkingControllerTests.swift */,
			);
			path = "Budget BlocksTests";
			sourceTree = "<group>";
		};
		5955B8BB23DB59BB00A24A8F /* Budget BlocksUITests */ = {
			isa = PBXGroup;
			children = (
				5955B8BC23DB59BB00A24A8F /* Budget_BlocksUITests.swift */,
				5955B8BE23DB59BB00A24A8F /* Info.plist */,
			);
			path = "Budget BlocksUITests";
			sourceTree = "<group>";
		};
		5967964023DFC1C70062F794 /* View Controllers */ = {
			isa = PBXGroup;
			children = (
				5967964123DFC1FD0062F794 /* WelcomeViewController.swift */,
				5967964323DFC8520062F794 /* LoginViewController.swift */,
				5969C1F723E39BDE00BAA183 /* TransactionsViewController.swift */,
				593D45ED23E8E196007E8404 /* DashboardTableViewController.swift */,
				592B3CB123F2132F0035FF3A /* BlocksViewController.swift */,
				590B3A5223FC63B50058D236 /* CreateTransactionViewController.swift */,
				590B3A5423FC846C0058D236 /* CategoriesTableViewController.swift */,
				598B29FC23FDDC7A0038B698 /* OnboardingViewController.swift */,
			);
			path = "View Controllers";
			sourceTree = "<group>";
		};
		5969C1EF23E38CC800BAA183 /* Model */ = {
			isa = PBXGroup;
			children = (
				5955B8A023DB59B800A24A8F /* Budget_Blocks.xcdatamodeld */,
				5969C1F023E38D3200BAA183 /* CoreDataStack.swift */,
				5969C1F223E38EBF00BAA183 /* Budget_Blocks+Convenience.swift */,
			);
			path = Model;
			sourceTree = "<group>";
		};
		5969C1F423E3903400BAA183 /* Model Controllers */ = {
			isa = PBXGroup;
			children = (
				5969C1F523E3904400BAA183 /* TransactionController.swift */,
			);
			path = "Model Controllers";
			sourceTree = "<group>";
		};
		596C10FB23E0E09F003DF1D8 /* Frameworks */ = {
			isa = PBXGroup;
			children = (
				596C10FC23E0E09F003DF1D8 /* LinkKit.framework */,
			);
			name = Frameworks;
			sourceTree = "<group>";
		};
		59D1550523EB8D3F003233C1 /* Views */ = {
			isa = PBXGroup;
			children = (
				59D1550623EB8D57003233C1 /* DashboardTableViewCell.swift */,
				592B3CAD23F1CBC90035FF3A /* CategoryTableViewCell.swift */,
				592B3CB323F2441E0035FF3A /* BudgetTableViewCell.swift */,
				590B3A5023FC554F0058D236 /* TransactionTableViewCell.swift */,
			);
			path = Views;
			sourceTree = "<group>";
		};
		59D1550823EB91BD003233C1 /* Helpers */ = {
			isa = PBXGroup;
			children = (
				59D1550923EB91DE003233C1 /* Int64+Currency.swift */,
				592B3CB523F2539E0035FF3A /* UIKit+Font.swift */,
				597E119623F310EF00E505C6 /* UIAlertController+Fix.swift */,
				59BAB9D323F361F900BF91F7 /* Error+Log.swift */,
				598B29FA23FDB9FA0038B698 /* Bool+Int.swift */,
				598B29FE23FF6D290038B698 /* UIViewController+Loading.swift */,
				59EA3C432408435E000A7601 /* Notifications.swift */,
			);
			path = Helpers;
			sourceTree = "<group>";
		};
/* End PBXGroup section */

/* Begin PBXNativeTarget section */
		5955B89323DB59B800A24A8F /* Budget Blocks */ = {
			isa = PBXNativeTarget;
			buildConfigurationList = 5955B8C123DB59BB00A24A8F /* Build configuration list for PBXNativeTarget "Budget Blocks" */;
			buildPhases = (
				5955B89023DB59B800A24A8F /* Sources */,
				5955B89123DB59B800A24A8F /* Frameworks */,
				5955B89223DB59B800A24A8F /* Resources */,
				596C10FF23E0E09F003DF1D8 /* Embed Frameworks */,
				596C110023E0E0D1003DF1D8 /* Prepare for Distribution */,
			);
			buildRules = (
			);
			dependencies = (
			);
			name = "Budget Blocks";
			packageProductDependencies = (
				5939B1F423DF55F3003FB0E0 /* SwiftyJSON */,
				598B29F823FD994D0038B698 /* KeychainSwift */,
			);
			productName = "Budget Blocks";
			productReference = 5955B89423DB59B800A24A8F /* Budget Blocks.app */;
			productType = "com.apple.product-type.application";
		};
		5955B8AC23DB59BB00A24A8F /* Budget BlocksTests */ = {
			isa = PBXNativeTarget;
			buildConfigurationList = 5955B8C423DB59BB00A24A8F /* Build configuration list for PBXNativeTarget "Budget BlocksTests" */;
			buildPhases = (
				5955B8A923DB59BB00A24A8F /* Sources */,
				5955B8AA23DB59BB00A24A8F /* Frameworks */,
				5955B8AB23DB59BB00A24A8F /* Resources */,
			);
			buildRules = (
			);
			dependencies = (
				5955B8AF23DB59BB00A24A8F /* PBXTargetDependency */,
			);
			name = "Budget BlocksTests";
			productName = "Budget BlocksTests";
			productReference = 5955B8AD23DB59BB00A24A8F /* Budget BlocksTests.xctest */;
			productType = "com.apple.product-type.bundle.unit-test";
		};
		5955B8B723DB59BB00A24A8F /* Budget BlocksUITests */ = {
			isa = PBXNativeTarget;
			buildConfigurationList = 5955B8C723DB59BB00A24A8F /* Build configuration list for PBXNativeTarget "Budget BlocksUITests" */;
			buildPhases = (
				5955B8B423DB59BB00A24A8F /* Sources */,
				5955B8B523DB59BB00A24A8F /* Frameworks */,
				5955B8B623DB59BB00A24A8F /* Resources */,
				59EA3C4A24084A85000A7601 /* CopyFiles */,
				59EA3C4C24084AE8000A7601 /* ShellScript */,
			);
			buildRules = (
			);
			dependencies = (
				5955B8BA23DB59BB00A24A8F /* PBXTargetDependency */,
			);
			name = "Budget BlocksUITests";
			packageProductDependencies = (
			);
			productName = "Budget BlocksUITests";
			productReference = 5955B8B823DB59BB00A24A8F /* Budget BlocksUITests.xctest */;
			productType = "com.apple.product-type.bundle.ui-testing";
		};
/* End PBXNativeTarget section */

/* Begin PBXProject section */
		5955B88C23DB59B800A24A8F /* Project object */ = {
			isa = PBXProject;
			attributes = {
				LastSwiftUpdateCheck = 1130;
				LastUpgradeCheck = 1130;
				ORGANIZATIONNAME = "Isaac Lyons";
				TargetAttributes = {
					5955B89323DB59B800A24A8F = {
						CreatedOnToolsVersion = 11.3.1;
					};
					5955B8AC23DB59BB00A24A8F = {
						CreatedOnToolsVersion = 11.3.1;
						TestTargetID = 5955B89323DB59B800A24A8F;
					};
					5955B8B723DB59BB00A24A8F = {
						CreatedOnToolsVersion = 11.3.1;
						TestTargetID = 5955B89323DB59B800A24A8F;
					};
				};
			};
			buildConfigurationList = 5955B88F23DB59B800A24A8F /* Build configuration list for PBXProject "Budget Blocks" */;
			compatibilityVersion = "Xcode 9.3";
			developmentRegion = en;
			hasScannedForEncodings = 0;
			knownRegions = (
				en,
				Base,
			);
			mainGroup = 5955B88B23DB59B800A24A8F;
			packageReferences = (
				5939B1F323DF55F3003FB0E0 /* XCRemoteSwiftPackageReference "SwiftyJSON" */,
				598B29F723FD994D0038B698 /* XCRemoteSwiftPackageReference "keychain-swift" */,
			);
			productRefGroup = 5955B89523DB59B800A24A8F /* Products */;
			projectDirPath = "";
			projectRoot = "";
			targets = (
				5955B89323DB59B800A24A8F /* Budget Blocks */,
				5955B8AC23DB59BB00A24A8F /* Budget BlocksTests */,
				5955B8B723DB59BB00A24A8F /* Budget BlocksUITests */,
			);
		};
/* End PBXProject section */

/* Begin PBXResourcesBuildPhase section */
		5955B89223DB59B800A24A8F /* Resources */ = {
			isa = PBXResourcesBuildPhase;
			buildActionMask = 2147483647;
			files = (
				5943B3F223E498600050866D /* Exo-Regular.otf in Resources */,
				592B3CB823F25A950035FF3A /* Exo-SemiBold.otf in Resources */,
				5955B8A723DB59BA00A24A8F /* LaunchScreen.storyboard in Resources */,
				5943B3F023E491DD0050866D /* SquadaOne-Regular.ttf in Resources */,
				5955B8A423DB59BA00A24A8F /* Assets.xcassets in Resources */,
				5955B89F23DB59B800A24A8F /* Main.storyboard in Resources */,
			);
			runOnlyForDeploymentPostprocessing = 0;
		};
		5955B8AB23DB59BB00A24A8F /* Resources */ = {
			isa = PBXResourcesBuildPhase;
			buildActionMask = 2147483647;
			files = (
			);
			runOnlyForDeploymentPostprocessing = 0;
		};
		5955B8B623DB59BB00A24A8F /* Resources */ = {
			isa = PBXResourcesBuildPhase;
			buildActionMask = 2147483647;
			files = (
			);
			runOnlyForDeploymentPostprocessing = 0;
		};
/* End PBXResourcesBuildPhase section */

/* Begin PBXShellScriptBuildPhase section */
		596C110023E0E0D1003DF1D8 /* Prepare for Distribution */ = {
			isa = PBXShellScriptBuildPhase;
			buildActionMask = 2147483647;
			files = (
			);
			inputFileListPaths = (
			);
			inputPaths = (
			);
			name = "Prepare for Distribution";
			outputFileListPaths = (
			);
			outputPaths = (
			);
			runOnlyForDeploymentPostprocessing = 0;
			shellPath = /bin/sh;
			shellScript = "LINK_ROOT=${PODS_ROOT:+$PODS_ROOT/Plaid/ios}\ncp \"${LINK_ROOT:-$PROJECT_DIR}/../Carthage/Build/iOS/\"/LinkKit.framework/prepare_for_distribution.sh \"${CODESIGNING_FOLDER_PATH}\"/Frameworks/LinkKit.framework/prepare_for_distribution.sh\n\"${CODESIGNING_FOLDER_PATH}\"/Frameworks/LinkKit.framework/prepare_for_distribution.sh\n";
		};
		59EA3C4C24084AE8000A7601 /* ShellScript */ = {
			isa = PBXShellScriptBuildPhase;
			buildActionMask = 2147483647;
			files = (
			);
			inputFileListPaths = (
			);
			inputPaths = (
			);
			outputFileListPaths = (
			);
			outputPaths = (
			);
			runOnlyForDeploymentPostprocessing = 0;
			shellPath = /bin/sh;
			shellScript = "LINK_ROOT=${PODS_ROOT:+$PODS_ROOT/Plaid/ios}\ncp \"${LINK_ROOT:-$PROJECT_DIR}/../Carthage/Build/iOS/\"/LinkKit.framework/prepare_for_distribution.sh \"${CODESIGNING_FOLDER_PATH}\"/Frameworks/LinkKit.framework/prepare_for_distribution.sh\n\"${CODESIGNING_FOLDER_PATH}\"/Frameworks/LinkKit.framework/prepare_for_distribution.sh\n";
		};
/* End PBXShellScriptBuildPhase section */

/* Begin PBXSourcesBuildPhase section */
		5955B89023DB59B800A24A8F /* Sources */ = {
			isa = PBXSourcesBuildPhase;
			buildActionMask = 2147483647;
			files = (
				592B3CB623F2539E0035FF3A /* UIKit+Font.swift in Sources */,
				590B3A5123FC554F0058D236 /* TransactionTableViewCell.swift in Sources */,
				5969C1EE23E239C000BAA183 /* Bearer.swift in Sources */,
				59EA3C442408435E000A7601 /* Notifications.swift in Sources */,
				598B29FB23FDB9FA0038B698 /* Bool+Int.swift in Sources */,
				593D45EE23E8E196007E8404 /* DashboardTableViewController.swift in Sources */,
				592B3CB423F2441E0035FF3A /* BudgetTableViewCell.swift in Sources */,
				592B3CB223F2132F0035FF3A /* BlocksViewController.swift in Sources */,
				598B29FF23FF6D2A0038B698 /* UIViewController+Loading.swift in Sources */,
				59BAB9D423F361F900BF91F7 /* Error+Log.swift in Sources */,
				5967964423DFC8520062F794 /* LoginViewController.swift in Sources */,
				5969C1F823E39BDE00BAA183 /* TransactionsViewController.swift in Sources */,
				5969C1F123E38D3200BAA183 /* CoreDataStack.swift in Sources */,
				592B3CAE23F1CBC90035FF3A /* CategoryTableViewCell.swift in Sources */,
				598B29FD23FDDC7A0038B698 /* OnboardingViewController.swift in Sources */,
				5955B89823DB59B800A24A8F /* AppDelegate.swift in Sources */,
				5967964223DFC1FD0062F794 /* WelcomeViewController.swift in Sources */,
				5969C1F323E38EBF00BAA183 /* Budget_Blocks+Convenience.swift in Sources */,
				59D1550A23EB91DE003233C1 /* Int64+Currency.swift in Sources */,
				5969C1F623E3904400BAA183 /* TransactionController.swift in Sources */,
				597E119723F310EF00E505C6 /* UIAlertController+Fix.swift in Sources */,
				590B3A5523FC846C0058D236 /* CategoriesTableViewController.swift in Sources */,
				5955B8A223DB59B800A24A8F /* Budget_Blocks.xcdatamodeld in Sources */,
				59D1550723EB8D57003233C1 /* DashboardTableViewCell.swift in Sources */,
				590B3A5323FC63B50058D236 /* CreateTransactionViewController.swift in Sources */,
				5955B89A23DB59B800A24A8F /* SceneDelegate.swift in Sources */,
				5939B1F223DF5517003FB0E0 /* NetworkingController.swift in Sources */,
			);
			runOnlyForDeploymentPostprocessing = 0;
		};
		5955B8A923DB59BB00A24A8F /* Sources */ = {
			isa = PBXSourcesBuildPhase;
			buildActionMask = 2147483647;
			files = (
				5939B1F723DF586E003FB0E0 /* NetworkingControllerTests.swift in Sources */,
			);
			runOnlyForDeploymentPostprocessing = 0;
		};
		5955B8B423DB59BB00A24A8F /* Sources */ = {
			isa = PBXSourcesBuildPhase;
			buildActionMask = 2147483647;
			files = (
				5955B8BD23DB59BB00A24A8F /* Budget_BlocksUITests.swift in Sources */,
			);
			runOnlyForDeploymentPostprocessing = 0;
		};
/* End PBXSourcesBuildPhase section */

/* Begin PBXTargetDependency section */
		5955B8AF23DB59BB00A24A8F /* PBXTargetDependency */ = {
			isa = PBXTargetDependency;
			target = 5955B89323DB59B800A24A8F /* Budget Blocks */;
			targetProxy = 5955B8AE23DB59BB00A24A8F /* PBXContainerItemProxy */;
		};
		5955B8BA23DB59BB00A24A8F /* PBXTargetDependency */ = {
			isa = PBXTargetDependency;
			target = 5955B89323DB59B800A24A8F /* Budget Blocks */;
			targetProxy = 5955B8B923DB59BB00A24A8F /* PBXContainerItemProxy */;
		};
/* End PBXTargetDependency section */

/* Begin PBXVariantGroup section */
		5955B89D23DB59B800A24A8F /* Main.storyboard */ = {
			isa = PBXVariantGroup;
			children = (
				5955B89E23DB59B800A24A8F /* Base */,
			);
			name = Main.storyboard;
			sourceTree = "<group>";
		};
		5955B8A523DB59BA00A24A8F /* LaunchScreen.storyboard */ = {
			isa = PBXVariantGroup;
			children = (
				5955B8A623DB59BA00A24A8F /* Base */,
			);
			name = LaunchScreen.storyboard;
			sourceTree = "<group>";
		};
/* End PBXVariantGroup section */

/* Begin XCBuildConfiguration section */
		5955B8BF23DB59BB00A24A8F /* Debug */ = {
			isa = XCBuildConfiguration;
			buildSettings = {
				ALWAYS_SEARCH_USER_PATHS = NO;
				CLANG_ANALYZER_NONNULL = YES;
				CLANG_ANALYZER_NUMBER_OBJECT_CONVERSION = YES_AGGRESSIVE;
				CLANG_CXX_LANGUAGE_STANDARD = "gnu++14";
				CLANG_CXX_LIBRARY = "libc++";
				CLANG_ENABLE_MODULES = YES;
				CLANG_ENABLE_OBJC_ARC = YES;
				CLANG_ENABLE_OBJC_WEAK = YES;
				CLANG_WARN_BLOCK_CAPTURE_AUTORELEASING = YES;
				CLANG_WARN_BOOL_CONVERSION = YES;
				CLANG_WARN_COMMA = YES;
				CLANG_WARN_CONSTANT_CONVERSION = YES;
				CLANG_WARN_DEPRECATED_OBJC_IMPLEMENTATIONS = YES;
				CLANG_WARN_DIRECT_OBJC_ISA_USAGE = YES_ERROR;
				CLANG_WARN_DOCUMENTATION_COMMENTS = YES;
				CLANG_WARN_EMPTY_BODY = YES;
				CLANG_WARN_ENUM_CONVERSION = YES;
				CLANG_WARN_INFINITE_RECURSION = YES;
				CLANG_WARN_INT_CONVERSION = YES;
				CLANG_WARN_NON_LITERAL_NULL_CONVERSION = YES;
				CLANG_WARN_OBJC_IMPLICIT_RETAIN_SELF = YES;
				CLANG_WARN_OBJC_LITERAL_CONVERSION = YES;
				CLANG_WARN_OBJC_ROOT_CLASS = YES_ERROR;
				CLANG_WARN_RANGE_LOOP_ANALYSIS = YES;
				CLANG_WARN_STRICT_PROTOTYPES = YES;
				CLANG_WARN_SUSPICIOUS_MOVE = YES;
				CLANG_WARN_UNGUARDED_AVAILABILITY = YES_AGGRESSIVE;
				CLANG_WARN_UNREACHABLE_CODE = YES;
				CLANG_WARN__DUPLICATE_METHOD_MATCH = YES;
				COPY_PHASE_STRIP = NO;
				DEBUG_INFORMATION_FORMAT = dwarf;
				ENABLE_STRICT_OBJC_MSGSEND = YES;
				ENABLE_TESTABILITY = YES;
				GCC_C_LANGUAGE_STANDARD = gnu11;
				GCC_DYNAMIC_NO_PIC = NO;
				GCC_NO_COMMON_BLOCKS = YES;
				GCC_OPTIMIZATION_LEVEL = 0;
				GCC_PREPROCESSOR_DEFINITIONS = (
					"DEBUG=1",
					"$(inherited)",
				);
				GCC_WARN_64_TO_32_BIT_CONVERSION = YES;
				GCC_WARN_ABOUT_RETURN_TYPE = YES_ERROR;
				GCC_WARN_UNDECLARED_SELECTOR = YES;
				GCC_WARN_UNINITIALIZED_AUTOS = YES_AGGRESSIVE;
				GCC_WARN_UNUSED_FUNCTION = YES;
				GCC_WARN_UNUSED_VARIABLE = YES;
				IPHONEOS_DEPLOYMENT_TARGET = 13.2;
				MTL_ENABLE_DEBUG_INFO = INCLUDE_SOURCE;
				MTL_FAST_MATH = YES;
				ONLY_ACTIVE_ARCH = YES;
				SDKROOT = iphoneos;
				SWIFT_ACTIVE_COMPILATION_CONDITIONS = DEBUG;
				SWIFT_OPTIMIZATION_LEVEL = "-Onone";
			};
			name = Debug;
		};
		5955B8C023DB59BB00A24A8F /* Release */ = {
			isa = XCBuildConfiguration;
			buildSettings = {
				ALWAYS_SEARCH_USER_PATHS = NO;
				CLANG_ANALYZER_NONNULL = YES;
				CLANG_ANALYZER_NUMBER_OBJECT_CONVERSION = YES_AGGRESSIVE;
				CLANG_CXX_LANGUAGE_STANDARD = "gnu++14";
				CLANG_CXX_LIBRARY = "libc++";
				CLANG_ENABLE_MODULES = YES;
				CLANG_ENABLE_OBJC_ARC = YES;
				CLANG_ENABLE_OBJC_WEAK = YES;
				CLANG_WARN_BLOCK_CAPTURE_AUTORELEASING = YES;
				CLANG_WARN_BOOL_CONVERSION = YES;
				CLANG_WARN_COMMA = YES;
				CLANG_WARN_CONSTANT_CONVERSION = YES;
				CLANG_WARN_DEPRECATED_OBJC_IMPLEMENTATIONS = YES;
				CLANG_WARN_DIRECT_OBJC_ISA_USAGE = YES_ERROR;
				CLANG_WARN_DOCUMENTATION_COMMENTS = YES;
				CLANG_WARN_EMPTY_BODY = YES;
				CLANG_WARN_ENUM_CONVERSION = YES;
				CLANG_WARN_INFINITE_RECURSION = YES;
				CLANG_WARN_INT_CONVERSION = YES;
				CLANG_WARN_NON_LITERAL_NULL_CONVERSION = YES;
				CLANG_WARN_OBJC_IMPLICIT_RETAIN_SELF = YES;
				CLANG_WARN_OBJC_LITERAL_CONVERSION = YES;
				CLANG_WARN_OBJC_ROOT_CLASS = YES_ERROR;
				CLANG_WARN_RANGE_LOOP_ANALYSIS = YES;
				CLANG_WARN_STRICT_PROTOTYPES = YES;
				CLANG_WARN_SUSPICIOUS_MOVE = YES;
				CLANG_WARN_UNGUARDED_AVAILABILITY = YES_AGGRESSIVE;
				CLANG_WARN_UNREACHABLE_CODE = YES;
				CLANG_WARN__DUPLICATE_METHOD_MATCH = YES;
				COPY_PHASE_STRIP = NO;
				DEBUG_INFORMATION_FORMAT = "dwarf-with-dsym";
				ENABLE_NS_ASSERTIONS = NO;
				ENABLE_STRICT_OBJC_MSGSEND = YES;
				GCC_C_LANGUAGE_STANDARD = gnu11;
				GCC_NO_COMMON_BLOCKS = YES;
				GCC_WARN_64_TO_32_BIT_CONVERSION = YES;
				GCC_WARN_ABOUT_RETURN_TYPE = YES_ERROR;
				GCC_WARN_UNDECLARED_SELECTOR = YES;
				GCC_WARN_UNINITIALIZED_AUTOS = YES_AGGRESSIVE;
				GCC_WARN_UNUSED_FUNCTION = YES;
				GCC_WARN_UNUSED_VARIABLE = YES;
				IPHONEOS_DEPLOYMENT_TARGET = 13.2;
				MTL_ENABLE_DEBUG_INFO = NO;
				MTL_FAST_MATH = YES;
				SDKROOT = iphoneos;
				SWIFT_COMPILATION_MODE = wholemodule;
				SWIFT_OPTIMIZATION_LEVEL = "-O";
				VALIDATE_PRODUCT = YES;
			};
			name = Release;
		};
		5955B8C223DB59BB00A24A8F /* Debug */ = {
			isa = XCBuildConfiguration;
			buildSettings = {
				ASSETCATALOG_COMPILER_APPICON_NAME = AppIcon;
				CODE_SIGN_STYLE = Automatic;
				CURRENT_PROJECT_VERSION = 2;
				DEVELOPMENT_TEAM = A4525544Q4;
				FRAMEWORK_SEARCH_PATHS = "$(PROJECT_DIR)/../Carthage/Build/iOS";
				INFOPLIST_FILE = "Budget Blocks/Info.plist";
				LD_RUNPATH_SEARCH_PATHS = (
					"$(inherited)",
					"@executable_path/Frameworks",
				);
				PRODUCT_BUNDLE_IDENTIFIER = "vc.isv.Budget-Blocks";
				PRODUCT_NAME = "$(TARGET_NAME)";
				SWIFT_VERSION = 5.0;
				TARGETED_DEVICE_FAMILY = "1,2";
			};
			name = Debug;
		};
		5955B8C323DB59BB00A24A8F /* Release */ = {
			isa = XCBuildConfiguration;
			buildSettings = {
				ASSETCATALOG_COMPILER_APPICON_NAME = AppIcon;
				CODE_SIGN_STYLE = Automatic;
				CURRENT_PROJECT_VERSION = 2;
				DEVELOPMENT_TEAM = A4525544Q4;
				FRAMEWORK_SEARCH_PATHS = "$(PROJECT_DIR)/../Carthage/Build/iOS";
				INFOPLIST_FILE = "Budget Blocks/Info.plist";
				LD_RUNPATH_SEARCH_PATHS = (
					"$(inherited)",
					"@executable_path/Frameworks",
				);
				PRODUCT_BUNDLE_IDENTIFIER = "vc.isv.Budget-Blocks";
				PRODUCT_NAME = "$(TARGET_NAME)";
				SWIFT_VERSION = 5.0;
				TARGETED_DEVICE_FAMILY = "1,2";
			};
			name = Release;
		};
		5955B8C523DB59BB00A24A8F /* Debug */ = {
			isa = XCBuildConfiguration;
			buildSettings = {
				ALWAYS_EMBED_SWIFT_STANDARD_LIBRARIES = YES;
				BUNDLE_LOADER = "$(TEST_HOST)";
				CODE_SIGN_STYLE = Automatic;
				DEVELOPMENT_TEAM = A4525544Q4;
				INFOPLIST_FILE = "Budget BlocksTests/Info.plist";
				IPHONEOS_DEPLOYMENT_TARGET = 13.2;
				LD_RUNPATH_SEARCH_PATHS = (
					"$(inherited)",
					"@executable_path/Frameworks",
					"@loader_path/Frameworks",
				);
				PRODUCT_BUNDLE_IDENTIFIER = "vc.isv.Budget-BlocksTests";
				PRODUCT_NAME = "$(TARGET_NAME)";
				SWIFT_VERSION = 5.0;
				TARGETED_DEVICE_FAMILY = "1,2";
				TEST_HOST = "$(BUILT_PRODUCTS_DIR)/Budget Blocks.app/Budget Blocks";
			};
			name = Debug;
		};
		5955B8C623DB59BB00A24A8F /* Release */ = {
			isa = XCBuildConfiguration;
			buildSettings = {
				ALWAYS_EMBED_SWIFT_STANDARD_LIBRARIES = YES;
				BUNDLE_LOADER = "$(TEST_HOST)";
				CODE_SIGN_STYLE = Automatic;
				DEVELOPMENT_TEAM = A4525544Q4;
				INFOPLIST_FILE = "Budget BlocksTests/Info.plist";
				IPHONEOS_DEPLOYMENT_TARGET = 13.2;
				LD_RUNPATH_SEARCH_PATHS = (
					"$(inherited)",
					"@executable_path/Frameworks",
					"@loader_path/Frameworks",
				);
				PRODUCT_BUNDLE_IDENTIFIER = "vc.isv.Budget-BlocksTests";
				PRODUCT_NAME = "$(TARGET_NAME)";
				SWIFT_VERSION = 5.0;
				TARGETED_DEVICE_FAMILY = "1,2";
				TEST_HOST = "$(BUILT_PRODUCTS_DIR)/Budget Blocks.app/Budget Blocks";
			};
			name = Release;
		};
		5955B8C823DB59BB00A24A8F /* Debug */ = {
			isa = XCBuildConfiguration;
			buildSettings = {
				ALWAYS_EMBED_SWIFT_STANDARD_LIBRARIES = YES;
				CODE_SIGN_STYLE = Automatic;
				DEVELOPMENT_TEAM = A4525544Q4;
				FRAMEWORK_SEARCH_PATHS = "$(PROJECT_DIR)/../Carthage/Build/iOS";
				INFOPLIST_FILE = "Budget BlocksUITests/Info.plist";
				LD_RUNPATH_SEARCH_PATHS = (
					"$(inherited)",
					"@executable_path/Frameworks",
					"@loader_path/Frameworks",
				);
				PRODUCT_BUNDLE_IDENTIFIER = "vc.isv.Budget-BlocksUITests";
				PRODUCT_NAME = "$(TARGET_NAME)";
				SWIFT_VERSION = 5.0;
				TARGETED_DEVICE_FAMILY = "1,2";
				TEST_TARGET_NAME = "Budget Blocks";
			};
			name = Debug;
		};
		5955B8C923DB59BB00A24A8F /* Release */ = {
			isa = XCBuildConfiguration;
			buildSettings = {
				ALWAYS_EMBED_SWIFT_STANDARD_LIBRARIES = YES;
				CODE_SIGN_STYLE = Automatic;
				DEVELOPMENT_TEAM = A4525544Q4;
				FRAMEWORK_SEARCH_PATHS = "$(PROJECT_DIR)/../Carthage/Build/iOS";
				INFOPLIST_FILE = "Budget BlocksUITests/Info.plist";
				LD_RUNPATH_SEARCH_PATHS = (
					"$(inherited)",
					"@executable_path/Frameworks",
					"@loader_path/Frameworks",
				);
				PRODUCT_BUNDLE_IDENTIFIER = "vc.isv.Budget-BlocksUITests";
				PRODUCT_NAME = "$(TARGET_NAME)";
				SWIFT_VERSION = 5.0;
				TARGETED_DEVICE_FAMILY = "1,2";
				TEST_TARGET_NAME = "Budget Blocks";
			};
			name = Release;
		};
/* End XCBuildConfiguration section */

/* Begin XCConfigurationList section */
		5955B88F23DB59B800A24A8F /* Build configuration list for PBXProject "Budget Blocks" */ = {
			isa = XCConfigurationList;
			buildConfigurations = (
				5955B8BF23DB59BB00A24A8F /* Debug */,
				5955B8C023DB59BB00A24A8F /* Release */,
			);
			defaultConfigurationIsVisible = 0;
			defaultConfigurationName = Release;
		};
		5955B8C123DB59BB00A24A8F /* Build configuration list for PBXNativeTarget "Budget Blocks" */ = {
			isa = XCConfigurationList;
			buildConfigurations = (
				5955B8C223DB59BB00A24A8F /* Debug */,
				5955B8C323DB59BB00A24A8F /* Release */,
			);
			defaultConfigurationIsVisible = 0;
			defaultConfigurationName = Release;
		};
		5955B8C423DB59BB00A24A8F /* Build configuration list for PBXNativeTarget "Budget BlocksTests" */ = {
			isa = XCConfigurationList;
			buildConfigurations = (
				5955B8C523DB59BB00A24A8F /* Debug */,
				5955B8C623DB59BB00A24A8F /* Release */,
			);
			defaultConfigurationIsVisible = 0;
			defaultConfigurationName = Release;
		};
		5955B8C723DB59BB00A24A8F /* Build configuration list for PBXNativeTarget "Budget BlocksUITests" */ = {
			isa = XCConfigurationList;
			buildConfigurations = (
				5955B8C823DB59BB00A24A8F /* Debug */,
				5955B8C923DB59BB00A24A8F /* Release */,
			);
			defaultConfigurationIsVisible = 0;
			defaultConfigurationName = Release;
		};
/* End XCConfigurationList section */

/* Begin XCRemoteSwiftPackageReference section */
		5939B1F323DF55F3003FB0E0 /* XCRemoteSwiftPackageReference "SwiftyJSON" */ = {
			isa = XCRemoteSwiftPackageReference;
			repositoryURL = "https://github.com/SwiftyJSON/SwiftyJSON.git";
			requirement = {
				kind = upToNextMajorVersion;
				minimumVersion = 5.0.0;
			};
		};
		598B29F723FD994D0038B698 /* XCRemoteSwiftPackageReference "keychain-swift" */ = {
			isa = XCRemoteSwiftPackageReference;
			repositoryURL = "https://github.com/evgenyneu/keychain-swift.git";
			requirement = {
				kind = upToNextMajorVersion;
				minimumVersion = 19.0.0;
			};
		};
/* End XCRemoteSwiftPackageReference section */

/* Begin XCSwiftPackageProductDependency section */
		5939B1F423DF55F3003FB0E0 /* SwiftyJSON */ = {
			isa = XCSwiftPackageProductDependency;
			package = 5939B1F323DF55F3003FB0E0 /* XCRemoteSwiftPackageReference "SwiftyJSON" */;
			productName = SwiftyJSON;
		};
		598B29F823FD994D0038B698 /* KeychainSwift */ = {
			isa = XCSwiftPackageProductDependency;
			package = 598B29F723FD994D0038B698 /* XCRemoteSwiftPackageReference "keychain-swift" */;
			productName = KeychainSwift;
		};
/* End XCSwiftPackageProductDependency section */

/* Begin XCVersionGroup section */
		5955B8A023DB59B800A24A8F /* Budget_Blocks.xcdatamodeld */ = {
			isa = XCVersionGroup;
			children = (
				5955B8A123DB59B800A24A8F /* Budget_Blocks.xcdatamodel */,
			);
			currentVersion = 5955B8A123DB59B800A24A8F /* Budget_Blocks.xcdatamodel */;
			path = Budget_Blocks.xcdatamodeld;
			sourceTree = "<group>";
			versionGroupType = wrapper.xcdatamodel;
		};
/* End XCVersionGroup section */
	};
	rootObject = 5955B88C23DB59B800A24A8F /* Project object */;
}
