{
  "object": {
    "pins": [
      {
        "package": "KeychainSwift",
        "repositoryURL": "https://github.com/evgenyneu/keychain-swift.git",
        "state": {
          "branch": null,
          "revision": "96fb84f45a96630e7583903bd7e08cf095c7a7ef",
          "version": "19.0.0"
        }
      },
      {
        "package": "SVProgressHUD",
        "repositoryURL": "https://github.com/epitonium/SVProgressHUD.git",
        "state": {
          "branch": null,
          "revision": "3580cb55f351d83f861f52362aa38305f663f88d",
          "version": "1.0.0"
        }
      },
      {
        "package": "SwiftyJSON",
        "repositoryURL": "https://github.com/SwiftyJSON/SwiftyJSON.git",
        "state": {
          "branch": null,
          "revision": "2b6054efa051565954e1d2b9da831680026cd768",
          "version": "5.0.0"
        }
      }
    ]
  },
  "version": 1
}
